// !$*UTF8*$!
{
	archiveVersion = 1;
	classes = {
	};
	objectVersion = 55;
	objects = {

/* Begin PBXBuildFile section */
		FA738DBB288FE97C00E1EC60 /* GameCoordinator.swift in Sources */ = {isa = PBXBuildFile; fileRef = FA738DBA288FE97C00E1EC60 /* GameCoordinator.swift */; };
		FA738DBD2890962600E1EC60 /* PCoordinator.swift in Sources */ = {isa = PBXBuildFile; fileRef = FA738DBC2890962600E1EC60 /* PCoordinator.swift */; };
		FA738DBF289096ED00E1EC60 /* OperationPath.swift in Sources */ = {isa = PBXBuildFile; fileRef = FA738DBE289096ED00E1EC60 /* OperationPath.swift */; };
		FA738DC22890DBAB00E1EC60 /* ConstructionView.swift in Sources */ = {isa = PBXBuildFile; fileRef = FA738DC12890DBAB00E1EC60 /* ConstructionView.swift */; };
		FA738DC42890DCA100E1EC60 /* ConstructionViewModel.swift in Sources */ = {isa = PBXBuildFile; fileRef = FA738DC32890DCA100E1EC60 /* ConstructionViewModel.swift */; };
		FA738DC628910FF800E1EC60 /* ConstructionSubType.swift in Sources */ = {isa = PBXBuildFile; fileRef = FA738DC528910FF800E1EC60 /* ConstructionSubType.swift */; };
		FA738DC828911C4600E1EC60 /* ConstructionContractActivity.swift in Sources */ = {isa = PBXBuildFile; fileRef = FA738DC728911C4600E1EC60 /* ConstructionContractActivity.swift */; };
		FA738DCC28911F1F00E1EC60 /* ConstructionContractsView.swift in Sources */ = {isa = PBXBuildFile; fileRef = FA738DCB28911F1F00E1EC60 /* ConstructionContractsView.swift */; };
		FA738DCE28911F2F00E1EC60 /* ConstructionContractsViewModel.swift in Sources */ = {isa = PBXBuildFile; fileRef = FA738DCD28911F2F00E1EC60 /* ConstructionContractsViewModel.swift */; };
		FA738DD02891231000E1EC60 /* ConstructionContractActivityView.swift in Sources */ = {isa = PBXBuildFile; fileRef = FA738DCF2891231000E1EC60 /* ConstructionContractActivityView.swift */; };
		FA738DD32892294400E1EC60 /* HeadquartersView.swift in Sources */ = {isa = PBXBuildFile; fileRef = FA738DD22892294400E1EC60 /* HeadquartersView.swift */; };
		FA738DD52892295900E1EC60 /* HeadquartersViewModel.swift in Sources */ = {isa = PBXBuildFile; fileRef = FA738DD42892295900E1EC60 /* HeadquartersViewModel.swift */; };
		FA738DD728922FEA00E1EC60 /* CompanyStore.swift in Sources */ = {isa = PBXBuildFile; fileRef = FA738DD628922FEA00E1EC60 /* CompanyStore.swift */; };
		FA738DDA2892307600E1EC60 /* HQType.swift in Sources */ = {isa = PBXBuildFile; fileRef = FA738DD92892307600E1EC60 /* HQType.swift */; };
		FA738DDC28927A1C00E1EC60 /* CompanyModel.swift in Sources */ = {isa = PBXBuildFile; fileRef = FA738DDB28927A1C00E1EC60 /* CompanyModel.swift */; };
		FA738DDE2892948100E1EC60 /* HQUpgradeView.swift in Sources */ = {isa = PBXBuildFile; fileRef = FA738DDD2892948100E1EC60 /* HQUpgradeView.swift */; };
		FA738DE0289294A300E1EC60 /* HQUpgradeViewModel.swift in Sources */ = {isa = PBXBuildFile; fileRef = FA738DDF289294A300E1EC60 /* HQUpgradeViewModel.swift */; };
		FA738DE2289296A500E1EC60 /* HQPath.swift in Sources */ = {isa = PBXBuildFile; fileRef = FA738DE1289296A500E1EC60 /* HQPath.swift */; };
		FA738DE4289297B700E1EC60 /* GamePath.swift in Sources */ = {isa = PBXBuildFile; fileRef = FA738DE3289297B700E1EC60 /* GamePath.swift */; };
		FA738DE728929E2400E1EC60 /* IngredientsView.swift in Sources */ = {isa = PBXBuildFile; fileRef = FA738DE628929E2400E1EC60 /* IngredientsView.swift */; };
		FA738DE928937F9200E1EC60 /* ConstructionMaterialsView.swift in Sources */ = {isa = PBXBuildFile; fileRef = FA738DE828937F9200E1EC60 /* ConstructionMaterialsView.swift */; };
		FA738DEB28937FA100E1EC60 /* ConstructionMaterialsViewModel.swift in Sources */ = {isa = PBXBuildFile; fileRef = FA738DEA28937FA100E1EC60 /* ConstructionMaterialsViewModel.swift */; };
		FA738DED289385C100E1EC60 /* ConstructionMaterialActivity.swift in Sources */ = {isa = PBXBuildFile; fileRef = FA738DEC289385C100E1EC60 /* ConstructionMaterialActivity.swift */; };
		FA738DEF2893E38E00E1EC60 /* ConstructionMaterialActivtyView.swift in Sources */ = {isa = PBXBuildFile; fileRef = FA738DEE2893E38E00E1EC60 /* ConstructionMaterialActivtyView.swift */; };
		FA738DF22894938A00E1EC60 /* PActivityService.swift in Sources */ = {isa = PBXBuildFile; fileRef = FA738DF12894938A00E1EC60 /* PActivityService.swift */; };
		FA738DF4289499DC00E1EC60 /* PActivityStats.swift in Sources */ = {isa = PBXBuildFile; fileRef = FA738DF3289499DC00E1EC60 /* PActivityStats.swift */; };
		FA738DF82894A90000E1EC60 /* MiningActivity+Service.swift in Sources */ = {isa = PBXBuildFile; fileRef = FA738DF72894A90000E1EC60 /* MiningActivity+Service.swift */; };
		FA738DFA2894AAC200E1EC60 /* ConstructionContractActivity+Service.swift in Sources */ = {isa = PBXBuildFile; fileRef = FA738DF92894AAC200E1EC60 /* ConstructionContractActivity+Service.swift */; };
		FA738DFC2894ACBB00E1EC60 /* ConstructionMaterialActivity+Service.swift in Sources */ = {isa = PBXBuildFile; fileRef = FA738DFB2894ACBB00E1EC60 /* ConstructionMaterialActivity+Service.swift */; };
		FA738DFE2894ADCC00E1EC60 /* MarketingActivity+Service.swift in Sources */ = {isa = PBXBuildFile; fileRef = FA738DFD2894ADCC00E1EC60 /* MarketingActivity+Service.swift */; };
		FA738E002894AE0200E1EC60 /* SmeltingActivity+Service.swift in Sources */ = {isa = PBXBuildFile; fileRef = FA738DFF2894AE0200E1EC60 /* SmeltingActivity+Service.swift */; };
		FA738E0228951A5200E1EC60 /* SimpleRecipeView.swift in Sources */ = {isa = PBXBuildFile; fileRef = FA738E0128951A5200E1EC60 /* SimpleRecipeView.swift */; };
		FA738E042895428800E1EC60 /* UIHistoryStore.swift in Sources */ = {isa = PBXBuildFile; fileRef = FA738E032895428800E1EC60 /* UIHistoryStore.swift */; };
		FA738E062895F69600E1EC60 /* AppDelegate.swift in Sources */ = {isa = PBXBuildFile; fileRef = FA738E052895F69600E1EC60 /* AppDelegate.swift */; };
		FA738E082895F6C200E1EC60 /* SceneDelegate.swift in Sources */ = {isa = PBXBuildFile; fileRef = FA738E072895F6C200E1EC60 /* SceneDelegate.swift */; };
		FA738E0A2895F9CE00E1EC60 /* PBackgroundListener.swift in Sources */ = {isa = PBXBuildFile; fileRef = FA738E092895F9CE00E1EC60 /* PBackgroundListener.swift */; };
		FA738E0C289653AD00E1EC60 /* OfflineService.swift in Sources */ = {isa = PBXBuildFile; fileRef = FA738E0B289653AD00E1EC60 /* OfflineService.swift */; };
		FA738E0E28965C2700E1EC60 /* OperationService.swift in Sources */ = {isa = PBXBuildFile; fileRef = FA738E0D28965C2700E1EC60 /* OperationService.swift */; };
		FA738E1128967FA800E1EC60 /* OfflineServiceTests.swift in Sources */ = {isa = PBXBuildFile; fileRef = FA738E1028967FA800E1EC60 /* OfflineServiceTests.swift */; };
		FA738E1428972D5E00E1EC60 /* ChangeHistory.swift in Sources */ = {isa = PBXBuildFile; fileRef = FA738E1328972D5E00E1EC60 /* ChangeHistory.swift */; };
		FA738E1728972DA200E1EC60 /* ChangeHistoryService.swift in Sources */ = {isa = PBXBuildFile; fileRef = FA738E1628972DA200E1EC60 /* ChangeHistoryService.swift */; };
		FA738E1A2897383400E1EC60 /* ChangeHistoryView.swift in Sources */ = {isa = PBXBuildFile; fileRef = FA738E192897383400E1EC60 /* ChangeHistoryView.swift */; };
		FA738E1C2897384A00E1EC60 /* ChangeHistoryViewModel.swift in Sources */ = {isa = PBXBuildFile; fileRef = FA738E1B2897384A00E1EC60 /* ChangeHistoryViewModel.swift */; };
		FA738E1E28974E2000E1EC60 /* AppStateStore.swift in Sources */ = {isa = PBXBuildFile; fileRef = FA738E1D28974E2000E1EC60 /* AppStateStore.swift */; };
		FA738E2028976F7400E1EC60 /* ActivityStore.swift in Sources */ = {isa = PBXBuildFile; fileRef = FA738E1F28976F7400E1EC60 /* ActivityStore.swift */; };
		FA738E24289775D700E1EC60 /* OperationProgressTests.swift in Sources */ = {isa = PBXBuildFile; fileRef = FA738E23289775D700E1EC60 /* OperationProgressTests.swift */; };
		FA738E262897B50100E1EC60 /* ToastPresentationWindow.swift in Sources */ = {isa = PBXBuildFile; fileRef = FA738E252897B50100E1EC60 /* ToastPresentationWindow.swift */; };
		FA738E28289882C800E1EC60 /* AlloyActivity.swift in Sources */ = {isa = PBXBuildFile; fileRef = FA738E27289882C800E1EC60 /* AlloyActivity.swift */; };
		FA738E2E2898C5A400E1EC60 /* SmeltingViewModel.swift in Sources */ = {isa = PBXBuildFile; fileRef = FA738E2A2898C5A400E1EC60 /* SmeltingViewModel.swift */; };
		FA738E2F2898C5A400E1EC60 /* SmeltingView.swift in Sources */ = {isa = PBXBuildFile; fileRef = FA738E2B2898C5A400E1EC60 /* SmeltingView.swift */; };
		FA738E302898C5A400E1EC60 /* SmeltingActivityView.swift in Sources */ = {isa = PBXBuildFile; fileRef = FA738E2C2898C5A400E1EC60 /* SmeltingActivityView.swift */; };
		FA738E322899098800E1EC60 /* RecipeOutputView.swift in Sources */ = {isa = PBXBuildFile; fileRef = FA738E312899098800E1EC60 /* RecipeOutputView.swift */; };
		FA738E3428990AB700E1EC60 /* RecipeCreateView.swift in Sources */ = {isa = PBXBuildFile; fileRef = FA738E3328990AB700E1EC60 /* RecipeCreateView.swift */; };
		FA738E362899253200E1EC60 /* ShortNumberFormatter.swift in Sources */ = {isa = PBXBuildFile; fileRef = FA738E352899253200E1EC60 /* ShortNumberFormatter.swift */; };
		FA738E382899257400E1EC60 /* ShortNumberFormatterTests.swift in Sources */ = {isa = PBXBuildFile; fileRef = FA738E372899257400E1EC60 /* ShortNumberFormatterTests.swift */; };
		FA738E3B2899D38F00E1EC60 /* TransientValuesService.swift in Sources */ = {isa = PBXBuildFile; fileRef = FA738E3A2899D38F00E1EC60 /* TransientValuesService.swift */; };
		FA738E3D2899D40700E1EC60 /* TransientValuesStore.swift in Sources */ = {isa = PBXBuildFile; fileRef = FA738E3C2899D40700E1EC60 /* TransientValuesStore.swift */; };
		FA738E3F289DEF1600E1EC60 /* InventoryStoreTests.swift in Sources */ = {isa = PBXBuildFile; fileRef = FA738E3E289DEF1600E1EC60 /* InventoryStoreTests.swift */; };
		FA738E43289DF17000E1EC60 /* HeadquartersViewModelTests.swift in Sources */ = {isa = PBXBuildFile; fileRef = FA738E42289DF17000E1EC60 /* HeadquartersViewModelTests.swift */; };
		FA738E46289E021C00E1EC60 /* TransientValuesServiceTests.swift in Sources */ = {isa = PBXBuildFile; fileRef = FA738E45289E021C00E1EC60 /* TransientValuesServiceTests.swift */; };
		FA738E49289E05BA00E1EC60 /* PublisherExpectation.swift in Sources */ = {isa = PBXBuildFile; fileRef = FA738E48289E05BA00E1EC60 /* PublisherExpectation.swift */; };
		FA738E4B289E152100E1EC60 /* ForgingActivity.swift in Sources */ = {isa = PBXBuildFile; fileRef = FA738E4A289E152100E1EC60 /* ForgingActivity.swift */; };
		FA738E4F289E216600E1EC60 /* HumanResourcesView.swift in Sources */ = {isa = PBXBuildFile; fileRef = FA738E4E289E216600E1EC60 /* HumanResourcesView.swift */; };
		FA738E51289E219500E1EC60 /* HumanResourcesViewModel.swift in Sources */ = {isa = PBXBuildFile; fileRef = FA738E50289E219500E1EC60 /* HumanResourcesViewModel.swift */; };
		FA738E53289E22A700E1EC60 /* HRSubType.swift in Sources */ = {isa = PBXBuildFile; fileRef = FA738E52289E22A700E1EC60 /* HRSubType.swift */; };
		FA738E55289E257D00E1EC60 /* RecruitingView.swift in Sources */ = {isa = PBXBuildFile; fileRef = FA738E54289E257D00E1EC60 /* RecruitingView.swift */; };
		FA738E57289E259200E1EC60 /* RecruitingViewModel.swift in Sources */ = {isa = PBXBuildFile; fileRef = FA738E56289E259200E1EC60 /* RecruitingViewModel.swift */; };
		FA738E59289E2D8F00E1EC60 /* RecruitingPlaceView.swift in Sources */ = {isa = PBXBuildFile; fileRef = FA738E58289E2D8F00E1EC60 /* RecruitingPlaceView.swift */; };
		FA738E5B289E2DFA00E1EC60 /* RecruitingActivity.swift in Sources */ = {isa = PBXBuildFile; fileRef = FA738E5A289E2DFA00E1EC60 /* RecruitingActivity.swift */; };
		FA738E5D289E30B300E1EC60 /* RecruitingActivity+Service.swift in Sources */ = {isa = PBXBuildFile; fileRef = FA738E5C289E30B300E1EC60 /* RecruitingActivity+Service.swift */; };
		FA738E5F289E3A6A00E1EC60 /* IOCTestCase.swift in Sources */ = {isa = PBXBuildFile; fileRef = FA738E5E289E3A6A00E1EC60 /* IOCTestCase.swift */; };
		FA738E61289E402100E1EC60 /* EducationActivity.swift in Sources */ = {isa = PBXBuildFile; fileRef = FA738E60289E402100E1EC60 /* EducationActivity.swift */; };
		FA738E63289E42E700E1EC60 /* EducationActivity+Service.swift in Sources */ = {isa = PBXBuildFile; fileRef = FA738E62289E42E700E1EC60 /* EducationActivity+Service.swift */; };
		FA738E65289E476500E1EC60 /* EducationView.swift in Sources */ = {isa = PBXBuildFile; fileRef = FA738E64289E476500E1EC60 /* EducationView.swift */; };
		FA738E67289E479F00E1EC60 /* EducationViewModel.swift in Sources */ = {isa = PBXBuildFile; fileRef = FA738E66289E479F00E1EC60 /* EducationViewModel.swift */; };
		FA738E69289E5ADF00E1EC60 /* EducationActivityView.swift in Sources */ = {isa = PBXBuildFile; fileRef = FA738E68289E5ADF00E1EC60 /* EducationActivityView.swift */; };
		FA738E6B289F33B100E1EC60 /* EnhancementCalculation.swift in Sources */ = {isa = PBXBuildFile; fileRef = FA738E6A289F33B100E1EC60 /* EnhancementCalculation.swift */; };
		FA738E6D289F46C100E1EC60 /* EnhancementCalculationTests.swift in Sources */ = {isa = PBXBuildFile; fileRef = FA738E6C289F46C100E1EC60 /* EnhancementCalculationTests.swift */; };
		FA738E7028A0F86C00E1EC60 /* ManageEnhancementsView.swift in Sources */ = {isa = PBXBuildFile; fileRef = FA738E6F28A0F86C00E1EC60 /* ManageEnhancementsView.swift */; };
		FA738E7228A0F8A900E1EC60 /* ManageEnhancementsViewModel.swift in Sources */ = {isa = PBXBuildFile; fileRef = FA738E7128A0F8A900E1EC60 /* ManageEnhancementsViewModel.swift */; };
		FA738E7428A0FA7300E1EC60 /* Enhancement.swift in Sources */ = {isa = PBXBuildFile; fileRef = FA738E7328A0FA7300E1EC60 /* Enhancement.swift */; };
		FA738E7728A101EF00E1EC60 /* EnhancementService.swift in Sources */ = {isa = PBXBuildFile; fileRef = FA738E7628A101EF00E1EC60 /* EnhancementService.swift */; };
		FA738E7928A273E900E1EC60 /* StatModifier.swift in Sources */ = {isa = PBXBuildFile; fileRef = FA738E7828A273E900E1EC60 /* StatModifier.swift */; };
		FAC375EE2883890200AD3647 /* ASKCore in Resources */ = {isa = PBXBuildFile; fileRef = FAC375EC2883890200AD3647 /* ASKCore */; };
		FAC375EF2883890200AD3647 /* ASSwiftUI in Resources */ = {isa = PBXBuildFile; fileRef = FAC375ED2883890200AD3647 /* ASSwiftUI */; };
		FAC375FA2883943100AD3647 /* ContentView.swift in Sources */ = {isa = PBXBuildFile; fileRef = FAC375F22883943100AD3647 /* ContentView.swift */; };
		FAC375FB2883943100AD3647 /* CompaniesApp.swift in Sources */ = {isa = PBXBuildFile; fileRef = FAC375F32883943100AD3647 /* CompaniesApp.swift */; };
		FAC375FC2883943100AD3647 /* Assets.xcassets in Resources */ = {isa = PBXBuildFile; fileRef = FAC375F62883943100AD3647 /* Assets.xcassets */; };
		FAC375FD2883943100AD3647 /* Preview Assets.xcassets in Resources */ = {isa = PBXBuildFile; fileRef = FAC375F82883943100AD3647 /* Preview Assets.xcassets */; };
		FAC376002883947700AD3647 /* IOC.swift in Sources */ = {isa = PBXBuildFile; fileRef = FAC375FF2883947700AD3647 /* IOC.swift */; };
		FAC37602288394A600AD3647 /* ASKCore in Frameworks */ = {isa = PBXBuildFile; productRef = FAC37601288394A600AD3647 /* ASKCore */; };
		FAC37604288394A600AD3647 /* ASSwiftUI in Frameworks */ = {isa = PBXBuildFile; productRef = FAC37603288394A600AD3647 /* ASSwiftUI */; };
		FAC3760828839F9B00AD3647 /* MiningView.swift in Sources */ = {isa = PBXBuildFile; fileRef = FAC3760728839F9B00AD3647 /* MiningView.swift */; };
		FAC3760A28839FA100AD3647 /* MiningViewModel.swift in Sources */ = {isa = PBXBuildFile; fileRef = FAC3760928839FA100AD3647 /* MiningViewModel.swift */; };
		FAC376182883CB8700AD3647 /* OperationProgress.swift in Sources */ = {isa = PBXBuildFile; fileRef = FAC376172883CB8700AD3647 /* OperationProgress.swift */; };
		FAC3761D2883DEC400AD3647 /* DurationView.swift in Sources */ = {isa = PBXBuildFile; fileRef = FAC3761C2883DEC400AD3647 /* DurationView.swift */; };
		FAC3761F2883E3AA00AD3647 /* OperationProgressView.swift in Sources */ = {isa = PBXBuildFile; fileRef = FAC3761E2883E3AA00AD3647 /* OperationProgressView.swift */; };
		FAC376232883F4B700AD3647 /* TaskTiming.swift in Sources */ = {isa = PBXBuildFile; fileRef = FAC376222883F4B700AD3647 /* TaskTiming.swift */; };
		FAC3762628840B4C00AD3647 /* InventoryStore.swift in Sources */ = {isa = PBXBuildFile; fileRef = FAC3762528840B4C00AD3647 /* InventoryStore.swift */; };
		FAC3762928840BC000AD3647 /* ItemType.swift in Sources */ = {isa = PBXBuildFile; fileRef = FAC3762828840BC000AD3647 /* ItemType.swift */; };
		FAC3762E2884227200AD3647 /* InventoryView.swift in Sources */ = {isa = PBXBuildFile; fileRef = FAC3762D2884227200AD3647 /* InventoryView.swift */; };
		FAC376302884227B00AD3647 /* InventoryViewModel.swift in Sources */ = {isa = PBXBuildFile; fileRef = FAC3762F2884227B00AD3647 /* InventoryViewModel.swift */; };
		FAC37632288424C600AD3647 /* ItemCount.swift in Sources */ = {isa = PBXBuildFile; fileRef = FAC37631288424C600AD3647 /* ItemCount.swift */; };
		FAC37634288428D600AD3647 /* ItemIconView.swift in Sources */ = {isa = PBXBuildFile; fileRef = FAC37633288428D600AD3647 /* ItemIconView.swift */; };
		FAC376372884B43900AD3647 /* OperationListView.swift in Sources */ = {isa = PBXBuildFile; fileRef = FAC376362884B43900AD3647 /* OperationListView.swift */; };
		FAC376392884B44C00AD3647 /* OperationListViewModel.swift in Sources */ = {isa = PBXBuildFile; fileRef = FAC376382884B44C00AD3647 /* OperationListViewModel.swift */; };
		FAC3763C288547C100AD3647 /* fontello.ttf in Resources */ = {isa = PBXBuildFile; fileRef = FAC3763B288547C100AD3647 /* fontello.ttf */; };
		FAC3763F28854B6F00AD3647 /* Fonts.swift in Sources */ = {isa = PBXBuildFile; fileRef = FAC3763E28854B6F00AD3647 /* Fonts.swift */; };
		FAC376412885504600AD3647 /* Color+Theme.swift in Sources */ = {isa = PBXBuildFile; fileRef = FAC376402885504600AD3647 /* Color+Theme.swift */; };
		FAC3764728868C6400AD3647 /* Icons.xcassets in Resources */ = {isa = PBXBuildFile; fileRef = FAC3764628868C6400AD3647 /* Icons.xcassets */; };
		FAC3764B2886915B00AD3647 /* ThemeIcon.swift in Sources */ = {isa = PBXBuildFile; fileRef = FAC3764A2886915B00AD3647 /* ThemeIcon.swift */; };
		FAC376522887ECC400AD3647 /* ItemRecipe.swift in Sources */ = {isa = PBXBuildFile; fileRef = FAC376512887ECC400AD3647 /* ItemRecipe.swift */; };
		FAC376542887EE9800AD3647 /* ItemRecipeOperation.swift in Sources */ = {isa = PBXBuildFile; fileRef = FAC376532887EE9800AD3647 /* ItemRecipeOperation.swift */; };
		FAC376592887F07100AD3647 /* RecipeService.swift in Sources */ = {isa = PBXBuildFile; fileRef = FAC376582887F07100AD3647 /* RecipeService.swift */; };
		FAC3766B2887F32600AD3647 /* RecipeServiceTests.swift in Sources */ = {isa = PBXBuildFile; fileRef = FAC3766A2887F32600AD3647 /* RecipeServiceTests.swift */; };
		FAC3766D288800CB00AD3647 /* SmithingServiceTests.swift in Sources */ = {isa = PBXBuildFile; fileRef = FAC3766C288800CB00AD3647 /* SmithingServiceTests.swift */; };
		FAC3767328880FB900AD3647 /* ItemCountView.swift in Sources */ = {isa = PBXBuildFile; fileRef = FAC3767228880FB900AD3647 /* ItemCountView.swift */; };
		FAC37676288827D500AD3647 /* PKeyValueStore.swift in Sources */ = {isa = PBXBuildFile; fileRef = FAC37675288827D500AD3647 /* PKeyValueStore.swift */; };
		FAC3767828882AC800AD3647 /* InMemoryDefaults.swift in Sources */ = {isa = PBXBuildFile; fileRef = FAC3767728882AC800AD3647 /* InMemoryDefaults.swift */; };
		FAC3767A2888985900AD3647 /* TimeProvider.swift in Sources */ = {isa = PBXBuildFile; fileRef = FAC376792888985900AD3647 /* TimeProvider.swift */; };
		FAC3767C2888A58F00AD3647 /* DebugTimeProvider.swift in Sources */ = {isa = PBXBuildFile; fileRef = FAC3767B2888A58F00AD3647 /* DebugTimeProvider.swift */; };
		FAC376852888AA2000AD3647 /* MarketingView.swift in Sources */ = {isa = PBXBuildFile; fileRef = FAC376842888AA2000AD3647 /* MarketingView.swift */; };
		FAC376872888AA2700AD3647 /* MarketingViewModel.swift in Sources */ = {isa = PBXBuildFile; fileRef = FAC376862888AA2700AD3647 /* MarketingViewModel.swift */; };
		FAC3768B2888AC7200AD3647 /* AgencyMarketingTypeView.swift in Sources */ = {isa = PBXBuildFile; fileRef = FAC3768A2888AC7200AD3647 /* AgencyMarketingTypeView.swift */; };
		FAC3768D2888B00600AD3647 /* MarketingServiceTests.swift in Sources */ = {isa = PBXBuildFile; fileRef = FAC3768C2888B00600AD3647 /* MarketingServiceTests.swift */; };
		FAC376902888B0A800AD3647 /* DebugView.swift in Sources */ = {isa = PBXBuildFile; fileRef = FAC3768F2888B0A800AD3647 /* DebugView.swift */; };
		FAC376922888B0B800AD3647 /* DebugViewModel.swift in Sources */ = {isa = PBXBuildFile; fileRef = FAC376912888B0B800AD3647 /* DebugViewModel.swift */; };
		FAC376942889195E00AD3647 /* MiningPlaceView.swift in Sources */ = {isa = PBXBuildFile; fileRef = FAC376932889195E00AD3647 /* MiningPlaceView.swift */; };
		FAC3769628891A6C00AD3647 /* ItemPercentage.swift in Sources */ = {isa = PBXBuildFile; fileRef = FAC3769528891A6C00AD3647 /* ItemPercentage.swift */; };
		FAC3769828891B5500AD3647 /* ItemPercentageView.swift in Sources */ = {isa = PBXBuildFile; fileRef = FAC3769728891B5500AD3647 /* ItemPercentageView.swift */; };
		FAC3769A28892DFE00AD3647 /* SkillStore.swift in Sources */ = {isa = PBXBuildFile; fileRef = FAC3769928892DFE00AD3647 /* SkillStore.swift */; };
		FAC3769D2889665700AD3647 /* Skill.swift in Sources */ = {isa = PBXBuildFile; fileRef = FAC3769C2889665700AD3647 /* Skill.swift */; };
		FAC3769F2889666200AD3647 /* SkillExperience.swift in Sources */ = {isa = PBXBuildFile; fileRef = FAC3769E2889666200AD3647 /* SkillExperience.swift */; };
		FAC376A2288976D300AD3647 /* SkillStoreTests.swift in Sources */ = {isa = PBXBuildFile; fileRef = FAC376A1288976D300AD3647 /* SkillStoreTests.swift */; };
		FAC376A4288A15D200AD3647 /* POperation.swift in Sources */ = {isa = PBXBuildFile; fileRef = FAC376A3288A15D200AD3647 /* POperation.swift */; };
		FAC376A7288A16B500AD3647 /* MiningActivity.swift in Sources */ = {isa = PBXBuildFile; fileRef = FAC376A6288A16B500AD3647 /* MiningActivity.swift */; };
		FAC376A9288A1EE000AD3647 /* ExperienceView.swift in Sources */ = {isa = PBXBuildFile; fileRef = FAC376A8288A1EE000AD3647 /* ExperienceView.swift */; };
		FAC376AB288A259100AD3647 /* MarketingActivity.swift in Sources */ = {isa = PBXBuildFile; fileRef = FAC376AA288A259100AD3647 /* MarketingActivity.swift */; };
		FAC376AD288A274700AD3647 /* SmeltingActivity.swift in Sources */ = {isa = PBXBuildFile; fileRef = FAC376AC288A274700AD3647 /* SmeltingActivity.swift */; };
		FAC376AF288A2BE700AD3647 /* ActivityStatsView.swift in Sources */ = {isa = PBXBuildFile; fileRef = FAC376AE288A2BE700AD3647 /* ActivityStatsView.swift */; };
		FAC376B1288A2C6100AD3647 /* PercentageOutputView.swift in Sources */ = {isa = PBXBuildFile; fileRef = FAC376B0288A2C6100AD3647 /* PercentageOutputView.swift */; };
		FAC376B8288A4E8400AD3647 /* XPLevelCalculation.swift in Sources */ = {isa = PBXBuildFile; fileRef = FAC376B7288A4E8400AD3647 /* XPLevelCalculation.swift */; };
		FAC376BB288A4EFE00AD3647 /* XPLevelCalculationTests.swift in Sources */ = {isa = PBXBuildFile; fileRef = FAC376BA288A4EFE00AD3647 /* XPLevelCalculationTests.swift */; };
		FAC376BE288B42C800AD3647 /* SkillProgressView.swift in Sources */ = {isa = PBXBuildFile; fileRef = FAC376BD288B42C800AD3647 /* SkillProgressView.swift */; };
		FAC376C1288B82CD00AD3647 /* LinearProgressView.swift in Sources */ = {isa = PBXBuildFile; fileRef = FAC376C0288B82CD00AD3647 /* LinearProgressView.swift */; };
		FAC376C5288BE6F700AD3647 /* ToastView.swift in Sources */ = {isa = PBXBuildFile; fileRef = FAC376C4288BE6F700AD3647 /* ToastView.swift */; };
		FAC376C8288BECDD00AD3647 /* ToastPresentationView.swift in Sources */ = {isa = PBXBuildFile; fileRef = FAC376C7288BECDD00AD3647 /* ToastPresentationView.swift */; };
		FAC376CA288BECF600AD3647 /* ToastPresentationService.swift in Sources */ = {isa = PBXBuildFile; fileRef = FAC376C9288BECF600AD3647 /* ToastPresentationService.swift */; };
		FAC376CC288D38D900AD3647 /* Palette.swift in Sources */ = {isa = PBXBuildFile; fileRef = FAC376CB288D38D900AD3647 /* Palette.swift */; };
		FAC376CE288DF89700AD3647 /* PanelBackground.swift in Sources */ = {isa = PBXBuildFile; fileRef = FAC376CD288DF89700AD3647 /* PanelBackground.swift */; };
		FAC376D1288E915A00AD3647 /* MetallurgyView.swift in Sources */ = {isa = PBXBuildFile; fileRef = FAC376D0288E915A00AD3647 /* MetallurgyView.swift */; };
		FAC376D3288E916B00AD3647 /* MetallurgyViewModel.swift in Sources */ = {isa = PBXBuildFile; fileRef = FAC376D2288E916B00AD3647 /* MetallurgyViewModel.swift */; };
		FAC376D5288E92AA00AD3647 /* PageTemplate.swift in Sources */ = {isa = PBXBuildFile; fileRef = FAC376D4288E92AA00AD3647 /* PageTemplate.swift */; };
		FAC376D7288EB44D00AD3647 /* ItemDetailsView.swift in Sources */ = {isa = PBXBuildFile; fileRef = FAC376D6288EB44D00AD3647 /* ItemDetailsView.swift */; };
/* End PBXBuildFile section */

/* Begin PBXContainerItemProxy section */
		FAC376622887F2F300AD3647 /* PBXContainerItemProxy */ = {
			isa = PBXContainerItemProxy;
			containerPortal = FAC375D22883888F00AD3647 /* Project object */;
			proxyType = 1;
			remoteGlobalIDString = FAC375D92883888F00AD3647;
			remoteInfo = Companies;
		};
/* End PBXContainerItemProxy section */

/* Begin PBXFileReference section */
		FA738DBA288FE97C00E1EC60 /* GameCoordinator.swift */ = {isa = PBXFileReference; lastKnownFileType = sourcecode.swift; path = GameCoordinator.swift; sourceTree = "<group>"; };
		FA738DBC2890962600E1EC60 /* PCoordinator.swift */ = {isa = PBXFileReference; lastKnownFileType = sourcecode.swift; path = PCoordinator.swift; sourceTree = "<group>"; };
		FA738DBE289096ED00E1EC60 /* OperationPath.swift */ = {isa = PBXFileReference; lastKnownFileType = sourcecode.swift; path = OperationPath.swift; sourceTree = "<group>"; };
		FA738DC12890DBAB00E1EC60 /* ConstructionView.swift */ = {isa = PBXFileReference; lastKnownFileType = sourcecode.swift; path = ConstructionView.swift; sourceTree = "<group>"; };
		FA738DC32890DCA100E1EC60 /* ConstructionViewModel.swift */ = {isa = PBXFileReference; lastKnownFileType = sourcecode.swift; path = ConstructionViewModel.swift; sourceTree = "<group>"; };
		FA738DC528910FF800E1EC60 /* ConstructionSubType.swift */ = {isa = PBXFileReference; lastKnownFileType = sourcecode.swift; path = ConstructionSubType.swift; sourceTree = "<group>"; };
		FA738DC728911C4600E1EC60 /* ConstructionContractActivity.swift */ = {isa = PBXFileReference; lastKnownFileType = sourcecode.swift; path = ConstructionContractActivity.swift; sourceTree = "<group>"; };
		FA738DCB28911F1F00E1EC60 /* ConstructionContractsView.swift */ = {isa = PBXFileReference; lastKnownFileType = sourcecode.swift; path = ConstructionContractsView.swift; sourceTree = "<group>"; };
		FA738DCD28911F2F00E1EC60 /* ConstructionContractsViewModel.swift */ = {isa = PBXFileReference; lastKnownFileType = sourcecode.swift; path = ConstructionContractsViewModel.swift; sourceTree = "<group>"; };
		FA738DCF2891231000E1EC60 /* ConstructionContractActivityView.swift */ = {isa = PBXFileReference; lastKnownFileType = sourcecode.swift; path = ConstructionContractActivityView.swift; sourceTree = "<group>"; };
		FA738DD22892294400E1EC60 /* HeadquartersView.swift */ = {isa = PBXFileReference; lastKnownFileType = sourcecode.swift; path = HeadquartersView.swift; sourceTree = "<group>"; };
		FA738DD42892295900E1EC60 /* HeadquartersViewModel.swift */ = {isa = PBXFileReference; lastKnownFileType = sourcecode.swift; path = HeadquartersViewModel.swift; sourceTree = "<group>"; };
		FA738DD628922FEA00E1EC60 /* CompanyStore.swift */ = {isa = PBXFileReference; lastKnownFileType = sourcecode.swift; path = CompanyStore.swift; sourceTree = "<group>"; };
		FA738DD92892307600E1EC60 /* HQType.swift */ = {isa = PBXFileReference; lastKnownFileType = sourcecode.swift; path = HQType.swift; sourceTree = "<group>"; };
		FA738DDB28927A1C00E1EC60 /* CompanyModel.swift */ = {isa = PBXFileReference; lastKnownFileType = sourcecode.swift; path = CompanyModel.swift; sourceTree = "<group>"; };
		FA738DDD2892948100E1EC60 /* HQUpgradeView.swift */ = {isa = PBXFileReference; lastKnownFileType = sourcecode.swift; path = HQUpgradeView.swift; sourceTree = "<group>"; };
		FA738DDF289294A300E1EC60 /* HQUpgradeViewModel.swift */ = {isa = PBXFileReference; lastKnownFileType = sourcecode.swift; path = HQUpgradeViewModel.swift; sourceTree = "<group>"; };
		FA738DE1289296A500E1EC60 /* HQPath.swift */ = {isa = PBXFileReference; lastKnownFileType = sourcecode.swift; path = HQPath.swift; sourceTree = "<group>"; };
		FA738DE3289297B700E1EC60 /* GamePath.swift */ = {isa = PBXFileReference; lastKnownFileType = sourcecode.swift; path = GamePath.swift; sourceTree = "<group>"; };
		FA738DE628929E2400E1EC60 /* IngredientsView.swift */ = {isa = PBXFileReference; lastKnownFileType = sourcecode.swift; path = IngredientsView.swift; sourceTree = "<group>"; };
		FA738DE828937F9200E1EC60 /* ConstructionMaterialsView.swift */ = {isa = PBXFileReference; lastKnownFileType = sourcecode.swift; path = ConstructionMaterialsView.swift; sourceTree = "<group>"; };
		FA738DEA28937FA100E1EC60 /* ConstructionMaterialsViewModel.swift */ = {isa = PBXFileReference; lastKnownFileType = sourcecode.swift; path = ConstructionMaterialsViewModel.swift; sourceTree = "<group>"; };
		FA738DEC289385C100E1EC60 /* ConstructionMaterialActivity.swift */ = {isa = PBXFileReference; lastKnownFileType = sourcecode.swift; path = ConstructionMaterialActivity.swift; sourceTree = "<group>"; };
		FA738DEE2893E38E00E1EC60 /* ConstructionMaterialActivtyView.swift */ = {isa = PBXFileReference; lastKnownFileType = sourcecode.swift; path = ConstructionMaterialActivtyView.swift; sourceTree = "<group>"; };
		FA738DF12894938A00E1EC60 /* PActivityService.swift */ = {isa = PBXFileReference; lastKnownFileType = sourcecode.swift; path = PActivityService.swift; sourceTree = "<group>"; };
		FA738DF3289499DC00E1EC60 /* PActivityStats.swift */ = {isa = PBXFileReference; lastKnownFileType = sourcecode.swift; path = PActivityStats.swift; sourceTree = "<group>"; };
		FA738DF72894A90000E1EC60 /* MiningActivity+Service.swift */ = {isa = PBXFileReference; lastKnownFileType = sourcecode.swift; path = "MiningActivity+Service.swift"; sourceTree = "<group>"; };
		FA738DF92894AAC200E1EC60 /* ConstructionContractActivity+Service.swift */ = {isa = PBXFileReference; lastKnownFileType = sourcecode.swift; path = "ConstructionContractActivity+Service.swift"; sourceTree = "<group>"; };
		FA738DFB2894ACBB00E1EC60 /* ConstructionMaterialActivity+Service.swift */ = {isa = PBXFileReference; lastKnownFileType = sourcecode.swift; path = "ConstructionMaterialActivity+Service.swift"; sourceTree = "<group>"; };
		FA738DFD2894ADCC00E1EC60 /* MarketingActivity+Service.swift */ = {isa = PBXFileReference; lastKnownFileType = sourcecode.swift; path = "MarketingActivity+Service.swift"; sourceTree = "<group>"; };
		FA738DFF2894AE0200E1EC60 /* SmeltingActivity+Service.swift */ = {isa = PBXFileReference; lastKnownFileType = sourcecode.swift; path = "SmeltingActivity+Service.swift"; sourceTree = "<group>"; };
		FA738E0128951A5200E1EC60 /* SimpleRecipeView.swift */ = {isa = PBXFileReference; lastKnownFileType = sourcecode.swift; path = SimpleRecipeView.swift; sourceTree = "<group>"; };
		FA738E032895428800E1EC60 /* UIHistoryStore.swift */ = {isa = PBXFileReference; lastKnownFileType = sourcecode.swift; path = UIHistoryStore.swift; sourceTree = "<group>"; };
		FA738E052895F69600E1EC60 /* AppDelegate.swift */ = {isa = PBXFileReference; lastKnownFileType = sourcecode.swift; path = AppDelegate.swift; sourceTree = "<group>"; };
		FA738E072895F6C200E1EC60 /* SceneDelegate.swift */ = {isa = PBXFileReference; lastKnownFileType = sourcecode.swift; path = SceneDelegate.swift; sourceTree = "<group>"; };
		FA738E092895F9CE00E1EC60 /* PBackgroundListener.swift */ = {isa = PBXFileReference; lastKnownFileType = sourcecode.swift; path = PBackgroundListener.swift; sourceTree = "<group>"; };
		FA738E0B289653AD00E1EC60 /* OfflineService.swift */ = {isa = PBXFileReference; lastKnownFileType = sourcecode.swift; path = OfflineService.swift; sourceTree = "<group>"; };
		FA738E0D28965C2700E1EC60 /* OperationService.swift */ = {isa = PBXFileReference; fileEncoding = 4; lastKnownFileType = sourcecode.swift; path = OperationService.swift; sourceTree = "<group>"; };
		FA738E1028967FA800E1EC60 /* OfflineServiceTests.swift */ = {isa = PBXFileReference; lastKnownFileType = sourcecode.swift; path = OfflineServiceTests.swift; sourceTree = "<group>"; };
		FA738E1328972D5E00E1EC60 /* ChangeHistory.swift */ = {isa = PBXFileReference; lastKnownFileType = sourcecode.swift; path = ChangeHistory.swift; sourceTree = "<group>"; };
		FA738E1628972DA200E1EC60 /* ChangeHistoryService.swift */ = {isa = PBXFileReference; lastKnownFileType = sourcecode.swift; path = ChangeHistoryService.swift; sourceTree = "<group>"; };
		FA738E192897383400E1EC60 /* ChangeHistoryView.swift */ = {isa = PBXFileReference; lastKnownFileType = sourcecode.swift; path = ChangeHistoryView.swift; sourceTree = "<group>"; };
		FA738E1B2897384A00E1EC60 /* ChangeHistoryViewModel.swift */ = {isa = PBXFileReference; lastKnownFileType = sourcecode.swift; path = ChangeHistoryViewModel.swift; sourceTree = "<group>"; };
		FA738E1D28974E2000E1EC60 /* AppStateStore.swift */ = {isa = PBXFileReference; lastKnownFileType = sourcecode.swift; path = AppStateStore.swift; sourceTree = "<group>"; };
		FA738E1F28976F7400E1EC60 /* ActivityStore.swift */ = {isa = PBXFileReference; lastKnownFileType = sourcecode.swift; path = ActivityStore.swift; sourceTree = "<group>"; };
		FA738E23289775D700E1EC60 /* OperationProgressTests.swift */ = {isa = PBXFileReference; lastKnownFileType = sourcecode.swift; path = OperationProgressTests.swift; sourceTree = "<group>"; };
		FA738E252897B50100E1EC60 /* ToastPresentationWindow.swift */ = {isa = PBXFileReference; lastKnownFileType = sourcecode.swift; path = ToastPresentationWindow.swift; sourceTree = "<group>"; };
		FA738E27289882C800E1EC60 /* AlloyActivity.swift */ = {isa = PBXFileReference; lastKnownFileType = sourcecode.swift; path = AlloyActivity.swift; sourceTree = "<group>"; };
		FA738E2A2898C5A400E1EC60 /* SmeltingViewModel.swift */ = {isa = PBXFileReference; fileEncoding = 4; lastKnownFileType = sourcecode.swift; path = SmeltingViewModel.swift; sourceTree = "<group>"; };
		FA738E2B2898C5A400E1EC60 /* SmeltingView.swift */ = {isa = PBXFileReference; fileEncoding = 4; lastKnownFileType = sourcecode.swift; path = SmeltingView.swift; sourceTree = "<group>"; };
		FA738E2C2898C5A400E1EC60 /* SmeltingActivityView.swift */ = {isa = PBXFileReference; fileEncoding = 4; lastKnownFileType = sourcecode.swift; path = SmeltingActivityView.swift; sourceTree = "<group>"; };
		FA738E312899098800E1EC60 /* RecipeOutputView.swift */ = {isa = PBXFileReference; lastKnownFileType = sourcecode.swift; path = RecipeOutputView.swift; sourceTree = "<group>"; };
		FA738E3328990AB700E1EC60 /* RecipeCreateView.swift */ = {isa = PBXFileReference; lastKnownFileType = sourcecode.swift; path = RecipeCreateView.swift; sourceTree = "<group>"; };
		FA738E352899253200E1EC60 /* ShortNumberFormatter.swift */ = {isa = PBXFileReference; lastKnownFileType = sourcecode.swift; path = ShortNumberFormatter.swift; sourceTree = "<group>"; };
		FA738E372899257400E1EC60 /* ShortNumberFormatterTests.swift */ = {isa = PBXFileReference; lastKnownFileType = sourcecode.swift; path = ShortNumberFormatterTests.swift; sourceTree = "<group>"; };
		FA738E3A2899D38F00E1EC60 /* TransientValuesService.swift */ = {isa = PBXFileReference; lastKnownFileType = sourcecode.swift; path = TransientValuesService.swift; sourceTree = "<group>"; };
		FA738E3C2899D40700E1EC60 /* TransientValuesStore.swift */ = {isa = PBXFileReference; lastKnownFileType = sourcecode.swift; path = TransientValuesStore.swift; sourceTree = "<group>"; };
		FA738E3E289DEF1600E1EC60 /* InventoryStoreTests.swift */ = {isa = PBXFileReference; lastKnownFileType = sourcecode.swift; path = InventoryStoreTests.swift; sourceTree = "<group>"; };
		FA738E42289DF17000E1EC60 /* HeadquartersViewModelTests.swift */ = {isa = PBXFileReference; lastKnownFileType = sourcecode.swift; path = HeadquartersViewModelTests.swift; sourceTree = "<group>"; };
		FA738E45289E021C00E1EC60 /* TransientValuesServiceTests.swift */ = {isa = PBXFileReference; lastKnownFileType = sourcecode.swift; path = TransientValuesServiceTests.swift; sourceTree = "<group>"; };
		FA738E48289E05BA00E1EC60 /* PublisherExpectation.swift */ = {isa = PBXFileReference; lastKnownFileType = sourcecode.swift; path = PublisherExpectation.swift; sourceTree = "<group>"; };
		FA738E4A289E152100E1EC60 /* ForgingActivity.swift */ = {isa = PBXFileReference; lastKnownFileType = sourcecode.swift; path = ForgingActivity.swift; sourceTree = "<group>"; };
		FA738E4E289E216600E1EC60 /* HumanResourcesView.swift */ = {isa = PBXFileReference; lastKnownFileType = sourcecode.swift; path = HumanResourcesView.swift; sourceTree = "<group>"; };
		FA738E50289E219500E1EC60 /* HumanResourcesViewModel.swift */ = {isa = PBXFileReference; lastKnownFileType = sourcecode.swift; path = HumanResourcesViewModel.swift; sourceTree = "<group>"; };
		FA738E52289E22A700E1EC60 /* HRSubType.swift */ = {isa = PBXFileReference; lastKnownFileType = sourcecode.swift; path = HRSubType.swift; sourceTree = "<group>"; };
		FA738E54289E257D00E1EC60 /* RecruitingView.swift */ = {isa = PBXFileReference; lastKnownFileType = sourcecode.swift; path = RecruitingView.swift; sourceTree = "<group>"; };
		FA738E56289E259200E1EC60 /* RecruitingViewModel.swift */ = {isa = PBXFileReference; lastKnownFileType = sourcecode.swift; path = RecruitingViewModel.swift; sourceTree = "<group>"; };
		FA738E58289E2D8F00E1EC60 /* RecruitingPlaceView.swift */ = {isa = PBXFileReference; lastKnownFileType = sourcecode.swift; path = RecruitingPlaceView.swift; sourceTree = "<group>"; };
		FA738E5A289E2DFA00E1EC60 /* RecruitingActivity.swift */ = {isa = PBXFileReference; lastKnownFileType = sourcecode.swift; path = RecruitingActivity.swift; sourceTree = "<group>"; };
		FA738E5C289E30B300E1EC60 /* RecruitingActivity+Service.swift */ = {isa = PBXFileReference; lastKnownFileType = sourcecode.swift; path = "RecruitingActivity+Service.swift"; sourceTree = "<group>"; };
		FA738E5E289E3A6A00E1EC60 /* IOCTestCase.swift */ = {isa = PBXFileReference; lastKnownFileType = sourcecode.swift; path = IOCTestCase.swift; sourceTree = "<group>"; };
		FA738E60289E402100E1EC60 /* EducationActivity.swift */ = {isa = PBXFileReference; lastKnownFileType = sourcecode.swift; path = EducationActivity.swift; sourceTree = "<group>"; };
		FA738E62289E42E700E1EC60 /* EducationActivity+Service.swift */ = {isa = PBXFileReference; lastKnownFileType = sourcecode.swift; path = "EducationActivity+Service.swift"; sourceTree = "<group>"; };
		FA738E64289E476500E1EC60 /* EducationView.swift */ = {isa = PBXFileReference; lastKnownFileType = sourcecode.swift; path = EducationView.swift; sourceTree = "<group>"; };
		FA738E66289E479F00E1EC60 /* EducationViewModel.swift */ = {isa = PBXFileReference; lastKnownFileType = sourcecode.swift; path = EducationViewModel.swift; sourceTree = "<group>"; };
		FA738E68289E5ADF00E1EC60 /* EducationActivityView.swift */ = {isa = PBXFileReference; lastKnownFileType = sourcecode.swift; path = EducationActivityView.swift; sourceTree = "<group>"; };
		FA738E6A289F33B100E1EC60 /* EnhancementCalculation.swift */ = {isa = PBXFileReference; lastKnownFileType = sourcecode.swift; path = EnhancementCalculation.swift; sourceTree = "<group>"; };
		FA738E6C289F46C100E1EC60 /* EnhancementCalculationTests.swift */ = {isa = PBXFileReference; lastKnownFileType = sourcecode.swift; path = EnhancementCalculationTests.swift; sourceTree = "<group>"; };
		FA738E6F28A0F86C00E1EC60 /* ManageEnhancementsView.swift */ = {isa = PBXFileReference; lastKnownFileType = sourcecode.swift; path = ManageEnhancementsView.swift; sourceTree = "<group>"; };
		FA738E7128A0F8A900E1EC60 /* ManageEnhancementsViewModel.swift */ = {isa = PBXFileReference; lastKnownFileType = sourcecode.swift; path = ManageEnhancementsViewModel.swift; sourceTree = "<group>"; };
		FA738E7328A0FA7300E1EC60 /* Enhancement.swift */ = {isa = PBXFileReference; lastKnownFileType = sourcecode.swift; path = Enhancement.swift; sourceTree = "<group>"; };
		FA738E7628A101EF00E1EC60 /* EnhancementService.swift */ = {isa = PBXFileReference; lastKnownFileType = sourcecode.swift; path = EnhancementService.swift; sourceTree = "<group>"; };
		FA738E7828A273E900E1EC60 /* StatModifier.swift */ = {isa = PBXFileReference; lastKnownFileType = sourcecode.swift; path = StatModifier.swift; sourceTree = "<group>"; };
		FAC375DA2883888F00AD3647 /* Companies.app */ = {isa = PBXFileReference; explicitFileType = wrapper.application; includeInIndex = 0; path = Companies.app; sourceTree = BUILT_PRODUCTS_DIR; };
		FAC375EC2883890200AD3647 /* ASKCore */ = {isa = PBXFileReference; lastKnownFileType = wrapper; path = ASKCore; sourceTree = "<group>"; };
		FAC375ED2883890200AD3647 /* ASSwiftUI */ = {isa = PBXFileReference; lastKnownFileType = wrapper; path = ASSwiftUI; sourceTree = "<group>"; };
		FAC375F22883943100AD3647 /* ContentView.swift */ = {isa = PBXFileReference; fileEncoding = 4; lastKnownFileType = sourcecode.swift; path = ContentView.swift; sourceTree = "<group>"; };
		FAC375F32883943100AD3647 /* CompaniesApp.swift */ = {isa = PBXFileReference; fileEncoding = 4; lastKnownFileType = sourcecode.swift; path = CompaniesApp.swift; sourceTree = "<group>"; };
		FAC375F62883943100AD3647 /* Assets.xcassets */ = {isa = PBXFileReference; lastKnownFileType = folder.assetcatalog; path = Assets.xcassets; sourceTree = "<group>"; };
		FAC375F82883943100AD3647 /* Preview Assets.xcassets */ = {isa = PBXFileReference; lastKnownFileType = folder.assetcatalog; path = "Preview Assets.xcassets"; sourceTree = "<group>"; };
		FAC375FF2883947700AD3647 /* IOC.swift */ = {isa = PBXFileReference; lastKnownFileType = sourcecode.swift; path = IOC.swift; sourceTree = "<group>"; };
		FAC3760728839F9B00AD3647 /* MiningView.swift */ = {isa = PBXFileReference; lastKnownFileType = sourcecode.swift; path = MiningView.swift; sourceTree = "<group>"; };
		FAC3760928839FA100AD3647 /* MiningViewModel.swift */ = {isa = PBXFileReference; lastKnownFileType = sourcecode.swift; path = MiningViewModel.swift; sourceTree = "<group>"; };
		FAC376172883CB8700AD3647 /* OperationProgress.swift */ = {isa = PBXFileReference; lastKnownFileType = sourcecode.swift; path = OperationProgress.swift; sourceTree = "<group>"; };
		FAC3761C2883DEC400AD3647 /* DurationView.swift */ = {isa = PBXFileReference; lastKnownFileType = sourcecode.swift; path = DurationView.swift; sourceTree = "<group>"; };
		FAC3761E2883E3AA00AD3647 /* OperationProgressView.swift */ = {isa = PBXFileReference; lastKnownFileType = sourcecode.swift; path = OperationProgressView.swift; sourceTree = "<group>"; };
		FAC376222883F4B700AD3647 /* TaskTiming.swift */ = {isa = PBXFileReference; lastKnownFileType = sourcecode.swift; path = TaskTiming.swift; sourceTree = "<group>"; };
		FAC3762528840B4C00AD3647 /* InventoryStore.swift */ = {isa = PBXFileReference; lastKnownFileType = sourcecode.swift; path = InventoryStore.swift; sourceTree = "<group>"; };
		FAC3762828840BC000AD3647 /* ItemType.swift */ = {isa = PBXFileReference; lastKnownFileType = sourcecode.swift; path = ItemType.swift; sourceTree = "<group>"; };
		FAC3762D2884227200AD3647 /* InventoryView.swift */ = {isa = PBXFileReference; lastKnownFileType = sourcecode.swift; path = InventoryView.swift; sourceTree = "<group>"; };
		FAC3762F2884227B00AD3647 /* InventoryViewModel.swift */ = {isa = PBXFileReference; lastKnownFileType = sourcecode.swift; path = InventoryViewModel.swift; sourceTree = "<group>"; };
		FAC37631288424C600AD3647 /* ItemCount.swift */ = {isa = PBXFileReference; lastKnownFileType = sourcecode.swift; path = ItemCount.swift; sourceTree = "<group>"; };
		FAC37633288428D600AD3647 /* ItemIconView.swift */ = {isa = PBXFileReference; lastKnownFileType = sourcecode.swift; path = ItemIconView.swift; sourceTree = "<group>"; };
		FAC376362884B43900AD3647 /* OperationListView.swift */ = {isa = PBXFileReference; lastKnownFileType = sourcecode.swift; path = OperationListView.swift; sourceTree = "<group>"; };
		FAC376382884B44C00AD3647 /* OperationListViewModel.swift */ = {isa = PBXFileReference; lastKnownFileType = sourcecode.swift; path = OperationListViewModel.swift; sourceTree = "<group>"; };
		FAC3763B288547C100AD3647 /* fontello.ttf */ = {isa = PBXFileReference; lastKnownFileType = file; path = fontello.ttf; sourceTree = "<group>"; };
		FAC3763E28854B6F00AD3647 /* Fonts.swift */ = {isa = PBXFileReference; fileEncoding = 4; lastKnownFileType = sourcecode.swift; path = Fonts.swift; sourceTree = "<group>"; };
		FAC376402885504600AD3647 /* Color+Theme.swift */ = {isa = PBXFileReference; lastKnownFileType = sourcecode.swift; path = "Color+Theme.swift"; sourceTree = "<group>"; };
		FAC3764628868C6400AD3647 /* Icons.xcassets */ = {isa = PBXFileReference; lastKnownFileType = folder.assetcatalog; path = Icons.xcassets; sourceTree = "<group>"; };
		FAC3764A2886915B00AD3647 /* ThemeIcon.swift */ = {isa = PBXFileReference; fileEncoding = 4; lastKnownFileType = sourcecode.swift; path = ThemeIcon.swift; sourceTree = "<group>"; };
		FAC376512887ECC400AD3647 /* ItemRecipe.swift */ = {isa = PBXFileReference; lastKnownFileType = sourcecode.swift; path = ItemRecipe.swift; sourceTree = "<group>"; };
		FAC376532887EE9800AD3647 /* ItemRecipeOperation.swift */ = {isa = PBXFileReference; lastKnownFileType = sourcecode.swift; path = ItemRecipeOperation.swift; sourceTree = "<group>"; };
		FAC376582887F07100AD3647 /* RecipeService.swift */ = {isa = PBXFileReference; lastKnownFileType = sourcecode.swift; path = RecipeService.swift; sourceTree = "<group>"; };
		FAC3765E2887F2F300AD3647 /* CompaniesTests.xctest */ = {isa = PBXFileReference; explicitFileType = wrapper.cfbundle; includeInIndex = 0; path = CompaniesTests.xctest; sourceTree = BUILT_PRODUCTS_DIR; };
		FAC3766A2887F32600AD3647 /* RecipeServiceTests.swift */ = {isa = PBXFileReference; lastKnownFileType = sourcecode.swift; path = RecipeServiceTests.swift; sourceTree = "<group>"; };
		FAC3766C288800CB00AD3647 /* SmithingServiceTests.swift */ = {isa = PBXFileReference; lastKnownFileType = sourcecode.swift; path = SmithingServiceTests.swift; sourceTree = "<group>"; };
		FAC3767228880FB900AD3647 /* ItemCountView.swift */ = {isa = PBXFileReference; lastKnownFileType = sourcecode.swift; path = ItemCountView.swift; sourceTree = "<group>"; };
		FAC37675288827D500AD3647 /* PKeyValueStore.swift */ = {isa = PBXFileReference; lastKnownFileType = sourcecode.swift; path = PKeyValueStore.swift; sourceTree = "<group>"; };
		FAC3767728882AC800AD3647 /* InMemoryDefaults.swift */ = {isa = PBXFileReference; lastKnownFileType = sourcecode.swift; path = InMemoryDefaults.swift; sourceTree = "<group>"; };
		FAC376792888985900AD3647 /* TimeProvider.swift */ = {isa = PBXFileReference; lastKnownFileType = sourcecode.swift; path = TimeProvider.swift; sourceTree = "<group>"; };
		FAC3767B2888A58F00AD3647 /* DebugTimeProvider.swift */ = {isa = PBXFileReference; lastKnownFileType = sourcecode.swift; path = DebugTimeProvider.swift; sourceTree = "<group>"; };
		FAC376842888AA2000AD3647 /* MarketingView.swift */ = {isa = PBXFileReference; lastKnownFileType = sourcecode.swift; path = MarketingView.swift; sourceTree = "<group>"; };
		FAC376862888AA2700AD3647 /* MarketingViewModel.swift */ = {isa = PBXFileReference; lastKnownFileType = sourcecode.swift; path = MarketingViewModel.swift; sourceTree = "<group>"; };
		FAC3768A2888AC7200AD3647 /* AgencyMarketingTypeView.swift */ = {isa = PBXFileReference; lastKnownFileType = sourcecode.swift; path = AgencyMarketingTypeView.swift; sourceTree = "<group>"; };
		FAC3768C2888B00600AD3647 /* MarketingServiceTests.swift */ = {isa = PBXFileReference; lastKnownFileType = sourcecode.swift; path = MarketingServiceTests.swift; sourceTree = "<group>"; };
		FAC3768F2888B0A800AD3647 /* DebugView.swift */ = {isa = PBXFileReference; lastKnownFileType = sourcecode.swift; path = DebugView.swift; sourceTree = "<group>"; };
		FAC376912888B0B800AD3647 /* DebugViewModel.swift */ = {isa = PBXFileReference; lastKnownFileType = sourcecode.swift; path = DebugViewModel.swift; sourceTree = "<group>"; };
		FAC376932889195E00AD3647 /* MiningPlaceView.swift */ = {isa = PBXFileReference; lastKnownFileType = sourcecode.swift; path = MiningPlaceView.swift; sourceTree = "<group>"; };
		FAC3769528891A6C00AD3647 /* ItemPercentage.swift */ = {isa = PBXFileReference; lastKnownFileType = sourcecode.swift; path = ItemPercentage.swift; sourceTree = "<group>"; };
		FAC3769728891B5500AD3647 /* ItemPercentageView.swift */ = {isa = PBXFileReference; lastKnownFileType = sourcecode.swift; path = ItemPercentageView.swift; sourceTree = "<group>"; };
		FAC3769928892DFE00AD3647 /* SkillStore.swift */ = {isa = PBXFileReference; lastKnownFileType = sourcecode.swift; path = SkillStore.swift; sourceTree = "<group>"; };
		FAC3769C2889665700AD3647 /* Skill.swift */ = {isa = PBXFileReference; fileEncoding = 4; lastKnownFileType = sourcecode.swift; path = Skill.swift; sourceTree = "<group>"; };
		FAC3769E2889666200AD3647 /* SkillExperience.swift */ = {isa = PBXFileReference; lastKnownFileType = sourcecode.swift; path = SkillExperience.swift; sourceTree = "<group>"; };
		FAC376A1288976D300AD3647 /* SkillStoreTests.swift */ = {isa = PBXFileReference; lastKnownFileType = sourcecode.swift; path = SkillStoreTests.swift; sourceTree = "<group>"; };
		FAC376A3288A15D200AD3647 /* POperation.swift */ = {isa = PBXFileReference; lastKnownFileType = sourcecode.swift; path = POperation.swift; sourceTree = "<group>"; };
		FAC376A6288A16B500AD3647 /* MiningActivity.swift */ = {isa = PBXFileReference; lastKnownFileType = sourcecode.swift; path = MiningActivity.swift; sourceTree = "<group>"; };
		FAC376A8288A1EE000AD3647 /* ExperienceView.swift */ = {isa = PBXFileReference; lastKnownFileType = sourcecode.swift; path = ExperienceView.swift; sourceTree = "<group>"; };
		FAC376AA288A259100AD3647 /* MarketingActivity.swift */ = {isa = PBXFileReference; fileEncoding = 4; lastKnownFileType = sourcecode.swift; path = MarketingActivity.swift; sourceTree = "<group>"; };
		FAC376AC288A274700AD3647 /* SmeltingActivity.swift */ = {isa = PBXFileReference; lastKnownFileType = sourcecode.swift; path = SmeltingActivity.swift; sourceTree = "<group>"; };
		FAC376AE288A2BE700AD3647 /* ActivityStatsView.swift */ = {isa = PBXFileReference; lastKnownFileType = sourcecode.swift; path = ActivityStatsView.swift; sourceTree = "<group>"; };
		FAC376B0288A2C6100AD3647 /* PercentageOutputView.swift */ = {isa = PBXFileReference; lastKnownFileType = sourcecode.swift; path = PercentageOutputView.swift; sourceTree = "<group>"; };
		FAC376B7288A4E8400AD3647 /* XPLevelCalculation.swift */ = {isa = PBXFileReference; lastKnownFileType = sourcecode.swift; path = XPLevelCalculation.swift; sourceTree = "<group>"; };
		FAC376BA288A4EFE00AD3647 /* XPLevelCalculationTests.swift */ = {isa = PBXFileReference; lastKnownFileType = sourcecode.swift; path = XPLevelCalculationTests.swift; sourceTree = "<group>"; };
		FAC376BD288B42C800AD3647 /* SkillProgressView.swift */ = {isa = PBXFileReference; lastKnownFileType = sourcecode.swift; path = SkillProgressView.swift; sourceTree = "<group>"; };
		FAC376C0288B82CD00AD3647 /* LinearProgressView.swift */ = {isa = PBXFileReference; lastKnownFileType = sourcecode.swift; path = LinearProgressView.swift; sourceTree = "<group>"; };
		FAC376C4288BE6F700AD3647 /* ToastView.swift */ = {isa = PBXFileReference; lastKnownFileType = sourcecode.swift; path = ToastView.swift; sourceTree = "<group>"; };
		FAC376C7288BECDD00AD3647 /* ToastPresentationView.swift */ = {isa = PBXFileReference; lastKnownFileType = sourcecode.swift; path = ToastPresentationView.swift; sourceTree = "<group>"; };
		FAC376C9288BECF600AD3647 /* ToastPresentationService.swift */ = {isa = PBXFileReference; lastKnownFileType = sourcecode.swift; path = ToastPresentationService.swift; sourceTree = "<group>"; };
		FAC376CB288D38D900AD3647 /* Palette.swift */ = {isa = PBXFileReference; lastKnownFileType = sourcecode.swift; path = Palette.swift; sourceTree = "<group>"; };
		FAC376CD288DF89700AD3647 /* PanelBackground.swift */ = {isa = PBXFileReference; lastKnownFileType = sourcecode.swift; path = PanelBackground.swift; sourceTree = "<group>"; };
		FAC376D0288E915A00AD3647 /* MetallurgyView.swift */ = {isa = PBXFileReference; lastKnownFileType = sourcecode.swift; path = MetallurgyView.swift; sourceTree = "<group>"; };
		FAC376D2288E916B00AD3647 /* MetallurgyViewModel.swift */ = {isa = PBXFileReference; lastKnownFileType = sourcecode.swift; path = MetallurgyViewModel.swift; sourceTree = "<group>"; };
		FAC376D4288E92AA00AD3647 /* PageTemplate.swift */ = {isa = PBXFileReference; lastKnownFileType = sourcecode.swift; path = PageTemplate.swift; sourceTree = "<group>"; };
		FAC376D6288EB44D00AD3647 /* ItemDetailsView.swift */ = {isa = PBXFileReference; lastKnownFileType = sourcecode.swift; path = ItemDetailsView.swift; sourceTree = "<group>"; };
/* End PBXFileReference section */

/* Begin PBXFrameworksBuildPhase section */
		FAC375D72883888F00AD3647 /* Frameworks */ = {
			isa = PBXFrameworksBuildPhase;
			buildActionMask = 2147483647;
			files = (
				FAC37604288394A600AD3647 /* ASSwiftUI in Frameworks */,
				FAC37602288394A600AD3647 /* ASKCore in Frameworks */,
			);
			runOnlyForDeploymentPostprocessing = 0;
		};
		FAC3765B2887F2F300AD3647 /* Frameworks */ = {
			isa = PBXFrameworksBuildPhase;
			buildActionMask = 2147483647;
			files = (
			);
			runOnlyForDeploymentPostprocessing = 0;
		};
/* End PBXFrameworksBuildPhase section */

/* Begin PBXGroup section */
		FA738DB9288FE97300E1EC60 /* Coordinator */ = {
			isa = PBXGroup;
			children = (
				FA738DBA288FE97C00E1EC60 /* GameCoordinator.swift */,
				FA738DBC2890962600E1EC60 /* PCoordinator.swift */,
				FA738DBE289096ED00E1EC60 /* OperationPath.swift */,
				FA738DE1289296A500E1EC60 /* HQPath.swift */,
				FA738DE3289297B700E1EC60 /* GamePath.swift */,
			);
			path = Coordinator;
			sourceTree = "<group>";
		};
		FA738DC02890DBA600E1EC60 /* Construction */ = {
			isa = PBXGroup;
			children = (
				FA738DC12890DBAB00E1EC60 /* ConstructionView.swift */,
				FA738DC32890DCA100E1EC60 /* ConstructionViewModel.swift */,
				FA738DC528910FF800E1EC60 /* ConstructionSubType.swift */,
				FA738DCB28911F1F00E1EC60 /* ConstructionContractsView.swift */,
				FA738DCD28911F2F00E1EC60 /* ConstructionContractsViewModel.swift */,
				FA738DCF2891231000E1EC60 /* ConstructionContractActivityView.swift */,
				FA738DE828937F9200E1EC60 /* ConstructionMaterialsView.swift */,
				FA738DEA28937FA100E1EC60 /* ConstructionMaterialsViewModel.swift */,
				FA738DEE2893E38E00E1EC60 /* ConstructionMaterialActivtyView.swift */,
			);
			path = Construction;
			sourceTree = "<group>";
		};
		FA738DD12892293B00E1EC60 /* HQ */ = {
			isa = PBXGroup;
			children = (
				FA738E6E28A0F86600E1EC60 /* Enhancements */,
				FA738DD22892294400E1EC60 /* HeadquartersView.swift */,
				FA738DD42892295900E1EC60 /* HeadquartersViewModel.swift */,
				FA738DDD2892948100E1EC60 /* HQUpgradeView.swift */,
				FA738DDF289294A300E1EC60 /* HQUpgradeViewModel.swift */,
			);
			path = HQ;
			sourceTree = "<group>";
		};
		FA738DD82892307000E1EC60 /* Company */ = {
			isa = PBXGroup;
			children = (
				FA738DD92892307600E1EC60 /* HQType.swift */,
				FA738DDB28927A1C00E1EC60 /* CompanyModel.swift */,
				FA738E7328A0FA7300E1EC60 /* Enhancement.swift */,
			);
			path = Company;
			sourceTree = "<group>";
		};
		FA738DE528929DBD00E1EC60 /* Common */ = {
			isa = PBXGroup;
			children = (
				FA738DE628929E2400E1EC60 /* IngredientsView.swift */,
				FA738E0128951A5200E1EC60 /* SimpleRecipeView.swift */,
				FA738E312899098800E1EC60 /* RecipeOutputView.swift */,
				FA738E3328990AB700E1EC60 /* RecipeCreateView.swift */,
			);
			path = Common;
			sourceTree = "<group>";
		};
		FA738DF02894937800E1EC60 /* Generic */ = {
			isa = PBXGroup;
			children = (
				FA738E0D28965C2700E1EC60 /* OperationService.swift */,
				FA738DF12894938A00E1EC60 /* PActivityService.swift */,
				FA738E0B289653AD00E1EC60 /* OfflineService.swift */,
				FA738E1F28976F7400E1EC60 /* ActivityStore.swift */,
			);
			path = Generic;
			sourceTree = "<group>";
		};
		FA738E0F28967F9300E1EC60 /* Generic */ = {
			isa = PBXGroup;
			children = (
				FA738E1028967FA800E1EC60 /* OfflineServiceTests.swift */,
			);
			path = Generic;
			sourceTree = "<group>";
		};
		FA738E1228972D2400E1EC60 /* History */ = {
			isa = PBXGroup;
			children = (
				FA738E1328972D5E00E1EC60 /* ChangeHistory.swift */,
			);
			path = History;
			sourceTree = "<group>";
		};
		FA738E1528972D9400E1EC60 /* History */ = {
			isa = PBXGroup;
			children = (
				FA738E1628972DA200E1EC60 /* ChangeHistoryService.swift */,
			);
			path = History;
			sourceTree = "<group>";
		};
		FA738E182897382800E1EC60 /* History */ = {
			isa = PBXGroup;
			children = (
				FA738E192897383400E1EC60 /* ChangeHistoryView.swift */,
				FA738E1B2897384A00E1EC60 /* ChangeHistoryViewModel.swift */,
			);
			path = History;
			sourceTree = "<group>";
		};
		FA738E21289775C700E1EC60 /* Model */ = {
			isa = PBXGroup;
			children = (
				FA738E22289775C700E1EC60 /* Operation */,
			);
			path = Model;
			sourceTree = "<group>";
		};
		FA738E22289775C700E1EC60 /* Operation */ = {
			isa = PBXGroup;
			children = (
				FA738E23289775D700E1EC60 /* OperationProgressTests.swift */,
			);
			path = Operation;
			sourceTree = "<group>";
		};
		FA738E392899D37F00E1EC60 /* Calculation */ = {
			isa = PBXGroup;
			children = (
				FA738E3A2899D38F00E1EC60 /* TransientValuesService.swift */,
				FA738E3C2899D40700E1EC60 /* TransientValuesStore.swift */,
			);
			path = Calculation;
			sourceTree = "<group>";
		};
		FA738E40289DF16900E1EC60 /* Scene */ = {
			isa = PBXGroup;
			children = (
				FA738E41289DF16900E1EC60 /* HQ */,
			);
			path = Scene;
			sourceTree = "<group>";
		};
		FA738E41289DF16900E1EC60 /* HQ */ = {
			isa = PBXGroup;
			children = (
				FA738E42289DF17000E1EC60 /* HeadquartersViewModelTests.swift */,
			);
			path = HQ;
			sourceTree = "<group>";
		};
		FA738E44289E021700E1EC60 /* Calculation */ = {
			isa = PBXGroup;
			children = (
				FA738E45289E021C00E1EC60 /* TransientValuesServiceTests.swift */,
			);
			path = Calculation;
			sourceTree = "<group>";
		};
		FA738E47289E05B400E1EC60 /* Util */ = {
			isa = PBXGroup;
			children = (
				FA738E48289E05BA00E1EC60 /* PublisherExpectation.swift */,
				FA738E5E289E3A6A00E1EC60 /* IOCTestCase.swift */,
			);
			path = Util;
			sourceTree = "<group>";
		};
		FA738E4D289E215D00E1EC60 /* HR */ = {
			isa = PBXGroup;
			children = (
				FA738E4E289E216600E1EC60 /* HumanResourcesView.swift */,
				FA738E50289E219500E1EC60 /* HumanResourcesViewModel.swift */,
				FA738E52289E22A700E1EC60 /* HRSubType.swift */,
				FA738E54289E257D00E1EC60 /* RecruitingView.swift */,
				FA738E56289E259200E1EC60 /* RecruitingViewModel.swift */,
				FA738E58289E2D8F00E1EC60 /* RecruitingPlaceView.swift */,
				FA738E64289E476500E1EC60 /* EducationView.swift */,
				FA738E66289E479F00E1EC60 /* EducationViewModel.swift */,
				FA738E68289E5ADF00E1EC60 /* EducationActivityView.swift */,
			);
			path = HR;
			sourceTree = "<group>";
		};
		FA738E6E28A0F86600E1EC60 /* Enhancements */ = {
			isa = PBXGroup;
			children = (
				FA738E6F28A0F86C00E1EC60 /* ManageEnhancementsView.swift */,
				FA738E7128A0F8A900E1EC60 /* ManageEnhancementsViewModel.swift */,
			);
			path = Enhancements;
			sourceTree = "<group>";
		};
		FA738E7528A101E700E1EC60 /* Enhancements */ = {
			isa = PBXGroup;
			children = (
				FA738E7628A101EF00E1EC60 /* EnhancementService.swift */,
			);
			path = Enhancements;
			sourceTree = "<group>";
		};
		FAC375D12883888F00AD3647 = {
			isa = PBXGroup;
			children = (
				FAC375EB2883890200AD3647 /* Frameworks */,
				FAC375DC2883888F00AD3647 /* Companies */,
				FAC3765F2887F2F300AD3647 /* CompaniesTests */,
				FAC375DB2883888F00AD3647 /* Products */,
			);
			sourceTree = "<group>";
		};
		FAC375DB2883888F00AD3647 /* Products */ = {
			isa = PBXGroup;
			children = (
				FAC375DA2883888F00AD3647 /* Companies.app */,
				FAC3765E2887F2F300AD3647 /* CompaniesTests.xctest */,
			);
			name = Products;
			sourceTree = "<group>";
		};
		FAC375DC2883888F00AD3647 /* Companies */ = {
			isa = PBXGroup;
			children = (
				FA738DB9288FE97300E1EC60 /* Coordinator */,
				FAC376B6288A4E7D00AD3647 /* Calculations */,
				FAC375F42883943100AD3647 /* Model */,
				FAC375F52883943100AD3647 /* Resource */,
				FAC375F02883943100AD3647 /* Scene */,
				FAC375F92883943100AD3647 /* Service */,
				FAC3763D28854B6F00AD3647 /* Theme */,
			);
			path = Companies;
			sourceTree = "<group>";
		};
		FAC375EB2883890200AD3647 /* Frameworks */ = {
			isa = PBXGroup;
			children = (
				FAC375EC2883890200AD3647 /* ASKCore */,
				FAC375ED2883890200AD3647 /* ASSwiftUI */,
			);
			path = Frameworks;
			sourceTree = "<group>";
		};
		FAC375F02883943100AD3647 /* Scene */ = {
			isa = PBXGroup;
			children = (
				FA738E182897382800E1EC60 /* History */,
				FAC375F12883943100AD3647 /* App */,
				FA738DE528929DBD00E1EC60 /* Common */,
				FA738DD12892293B00E1EC60 /* HQ */,
				FAC3762C2884226200AD3647 /* Inventory */,
				FAC3760528839EFF00AD3647 /* Operations */,
				FAC376BC288B42B600AD3647 /* Skill */,
				FAC376C6288BECCE00AD3647 /* Toast */,
			);
			path = Scene;
			sourceTree = "<group>";
		};
		FAC375F12883943100AD3647 /* App */ = {
			isa = PBXGroup;
			children = (
				FAC3768E2888B0A300AD3647 /* Debug */,
				FAC375F22883943100AD3647 /* ContentView.swift */,
				FAC375F32883943100AD3647 /* CompaniesApp.swift */,
				FA738E052895F69600E1EC60 /* AppDelegate.swift */,
				FA738E072895F6C200E1EC60 /* SceneDelegate.swift */,
			);
			path = App;
			sourceTree = "<group>";
		};
		FAC375F42883943100AD3647 /* Model */ = {
			isa = PBXGroup;
			children = (
				FA738E1228972D2400E1EC60 /* History */,
				FA738DD82892307000E1EC60 /* Company */,
				FAC3762728840BB600AD3647 /* Item */,
				FAC376142883CB8000AD3647 /* Operation */,
				FAC3769B2889665700AD3647 /* Skill */,
				FAC376A5288A16A900AD3647 /* SkillOperations */,
			);
			path = Model;
			sourceTree = "<group>";
		};
		FAC375F52883943100AD3647 /* Resource */ = {
			isa = PBXGroup;
			children = (
				FAC375F62883943100AD3647 /* Assets.xcassets */,
				FAC3764628868C6400AD3647 /* Icons.xcassets */,
				FAC3763A288547C100AD3647 /* Fonts */,
				FAC375F72883943100AD3647 /* Preview Content */,
			);
			path = Resource;
			sourceTree = "<group>";
		};
		FAC375F72883943100AD3647 /* Preview Content */ = {
			isa = PBXGroup;
			children = (
				FAC375F82883943100AD3647 /* Preview Assets.xcassets */,
			);
			path = "Preview Content";
			sourceTree = "<group>";
		};
		FAC375F92883943100AD3647 /* Service */ = {
			isa = PBXGroup;
			children = (
				FAC375FE2883945A00AD3647 /* App */,
				FA738E392899D37F00E1EC60 /* Calculation */,
				FA738E7528A101E700E1EC60 /* Enhancements */,
				FA738E1528972D9400E1EC60 /* History */,
				FAC376742888278800AD3647 /* Persistence */,
				FAC3762428840B3D00AD3647 /* Inventory */,
				FAC3760D2883C8AC00AD3647 /* Operation */,
				FAC376572887F06C00AD3647 /* Recipe */,
			);
			path = Service;
			sourceTree = "<group>";
		};
		FAC375FE2883945A00AD3647 /* App */ = {
			isa = PBXGroup;
			children = (
				FAC375FF2883947700AD3647 /* IOC.swift */,
				FAC376792888985900AD3647 /* TimeProvider.swift */,
				FAC3767B2888A58F00AD3647 /* DebugTimeProvider.swift */,
				FA738E032895428800E1EC60 /* UIHistoryStore.swift */,
				FA738E092895F9CE00E1EC60 /* PBackgroundListener.swift */,
				FA738E1D28974E2000E1EC60 /* AppStateStore.swift */,
			);
			path = App;
			sourceTree = "<group>";
		};
		FAC3760528839EFF00AD3647 /* Operations */ = {
			isa = PBXGroup;
			children = (
				FA738DC02890DBA600E1EC60 /* Construction */,
				FAC3761B2883DEBE00AD3647 /* Generic */,
				FA738E4D289E215D00E1EC60 /* HR */,
				FAC376832888AA0A00AD3647 /* Marketing */,
				FAC376CF288E913A00AD3647 /* Metallurgy */,
				FAC3760628839EFF00AD3647 /* Mining */,
				FAC376352884B42F00AD3647 /* List */,
			);
			path = Operations;
			sourceTree = "<group>";
		};
		FAC3760628839EFF00AD3647 /* Mining */ = {
			isa = PBXGroup;
			children = (
				FAC3760728839F9B00AD3647 /* MiningView.swift */,
				FAC3760928839FA100AD3647 /* MiningViewModel.swift */,
				FAC376932889195E00AD3647 /* MiningPlaceView.swift */,
			);
			path = Mining;
			sourceTree = "<group>";
		};
		FAC3760D2883C8AC00AD3647 /* Operation */ = {
			isa = PBXGroup;
			children = (
				FA738DF02894937800E1EC60 /* Generic */,
				FA738DF92894AAC200E1EC60 /* ConstructionContractActivity+Service.swift */,
				FA738DFB2894ACBB00E1EC60 /* ConstructionMaterialActivity+Service.swift */,
				FA738DFD2894ADCC00E1EC60 /* MarketingActivity+Service.swift */,
				FA738DF72894A90000E1EC60 /* MiningActivity+Service.swift */,
				FA738DFF2894AE0200E1EC60 /* SmeltingActivity+Service.swift */,
				FA738E5C289E30B300E1EC60 /* RecruitingActivity+Service.swift */,
				FA738E62289E42E700E1EC60 /* EducationActivity+Service.swift */,
			);
			path = Operation;
			sourceTree = "<group>";
		};
		FAC376142883CB8000AD3647 /* Operation */ = {
			isa = PBXGroup;
			children = (
				FAC376172883CB8700AD3647 /* OperationProgress.swift */,
				FAC376222883F4B700AD3647 /* TaskTiming.swift */,
				FAC376A3288A15D200AD3647 /* POperation.swift */,
				FA738DF3289499DC00E1EC60 /* PActivityStats.swift */,
			);
			path = Operation;
			sourceTree = "<group>";
		};
		FAC3761B2883DEBE00AD3647 /* Generic */ = {
			isa = PBXGroup;
			children = (
				FAC3761C2883DEC400AD3647 /* DurationView.swift */,
				FAC376A8288A1EE000AD3647 /* ExperienceView.swift */,
				FAC3761E2883E3AA00AD3647 /* OperationProgressView.swift */,
				FAC376AE288A2BE700AD3647 /* ActivityStatsView.swift */,
				FAC376B0288A2C6100AD3647 /* PercentageOutputView.swift */,
			);
			path = Generic;
			sourceTree = "<group>";
		};
		FAC3762428840B3D00AD3647 /* Inventory */ = {
			isa = PBXGroup;
			children = (
				FAC3762528840B4C00AD3647 /* InventoryStore.swift */,
				FAC3769928892DFE00AD3647 /* SkillStore.swift */,
				FA738DD628922FEA00E1EC60 /* CompanyStore.swift */,
			);
			path = Inventory;
			sourceTree = "<group>";
		};
		FAC3762728840BB600AD3647 /* Item */ = {
			isa = PBXGroup;
			children = (
				FAC3762828840BC000AD3647 /* ItemType.swift */,
				FAC37631288424C600AD3647 /* ItemCount.swift */,
				FAC376512887ECC400AD3647 /* ItemRecipe.swift */,
				FAC376532887EE9800AD3647 /* ItemRecipeOperation.swift */,
				FAC3769528891A6C00AD3647 /* ItemPercentage.swift */,
			);
			path = Item;
			sourceTree = "<group>";
		};
		FAC3762C2884226200AD3647 /* Inventory */ = {
			isa = PBXGroup;
			children = (
				FAC3762D2884227200AD3647 /* InventoryView.swift */,
				FAC3762F2884227B00AD3647 /* InventoryViewModel.swift */,
				FAC37633288428D600AD3647 /* ItemIconView.swift */,
				FAC3767228880FB900AD3647 /* ItemCountView.swift */,
				FAC3769728891B5500AD3647 /* ItemPercentageView.swift */,
				FAC376D6288EB44D00AD3647 /* ItemDetailsView.swift */,
			);
			path = Inventory;
			sourceTree = "<group>";
		};
		FAC376352884B42F00AD3647 /* List */ = {
			isa = PBXGroup;
			children = (
				FAC376362884B43900AD3647 /* OperationListView.swift */,
				FAC376382884B44C00AD3647 /* OperationListViewModel.swift */,
			);
			path = List;
			sourceTree = "<group>";
		};
		FAC3763A288547C100AD3647 /* Fonts */ = {
			isa = PBXGroup;
			children = (
				FAC3763B288547C100AD3647 /* fontello.ttf */,
			);
			path = Fonts;
			sourceTree = "<group>";
		};
		FAC3763D28854B6F00AD3647 /* Theme */ = {
			isa = PBXGroup;
			children = (
				FAC376BF288B82C500AD3647 /* Components */,
				FAC3764A2886915B00AD3647 /* ThemeIcon.swift */,
				FAC3763E28854B6F00AD3647 /* Fonts.swift */,
				FAC376402885504600AD3647 /* Color+Theme.swift */,
				FAC376CB288D38D900AD3647 /* Palette.swift */,
			);
			path = Theme;
			sourceTree = "<group>";
		};
		FAC376572887F06C00AD3647 /* Recipe */ = {
			isa = PBXGroup;
			children = (
				FAC376582887F07100AD3647 /* RecipeService.swift */,
			);
			path = Recipe;
			sourceTree = "<group>";
		};
		FAC3765F2887F2F300AD3647 /* CompaniesTests */ = {
			isa = PBXGroup;
			children = (
				FA738E47289E05B400E1EC60 /* Util */,
				FAC376B9288A4EEE00AD3647 /* Calculations */,
				FA738E21289775C700E1EC60 /* Model */,
				FA738E40289DF16900E1EC60 /* Scene */,
				FAC376672887F31D00AD3647 /* Service */,
			);
			path = CompaniesTests;
			sourceTree = "<group>";
		};
		FAC376672887F31D00AD3647 /* Service */ = {
			isa = PBXGroup;
			children = (
				FA738E44289E021700E1EC60 /* Calculation */,
				FAC376A0288976CB00AD3647 /* Inventory */,
				FAC376682887F31D00AD3647 /* Operation */,
				FAC376692887F31D00AD3647 /* Recipe */,
			);
			path = Service;
			sourceTree = "<group>";
		};
		FAC376682887F31D00AD3647 /* Operation */ = {
			isa = PBXGroup;
			children = (
				FA738E0F28967F9300E1EC60 /* Generic */,
				FAC3766C288800CB00AD3647 /* SmithingServiceTests.swift */,
				FAC3768C2888B00600AD3647 /* MarketingServiceTests.swift */,
			);
			path = Operation;
			sourceTree = "<group>";
		};
		FAC376692887F31D00AD3647 /* Recipe */ = {
			isa = PBXGroup;
			children = (
				FAC3766A2887F32600AD3647 /* RecipeServiceTests.swift */,
			);
			path = Recipe;
			sourceTree = "<group>";
		};
		FAC376742888278800AD3647 /* Persistence */ = {
			isa = PBXGroup;
			children = (
				FAC37675288827D500AD3647 /* PKeyValueStore.swift */,
				FAC3767728882AC800AD3647 /* InMemoryDefaults.swift */,
			);
			path = Persistence;
			sourceTree = "<group>";
		};
		FAC376832888AA0A00AD3647 /* Marketing */ = {
			isa = PBXGroup;
			children = (
				FAC376842888AA2000AD3647 /* MarketingView.swift */,
				FAC376862888AA2700AD3647 /* MarketingViewModel.swift */,
				FAC3768A2888AC7200AD3647 /* AgencyMarketingTypeView.swift */,
			);
			path = Marketing;
			sourceTree = "<group>";
		};
		FAC3768E2888B0A300AD3647 /* Debug */ = {
			isa = PBXGroup;
			children = (
				FAC3768F2888B0A800AD3647 /* DebugView.swift */,
				FAC376912888B0B800AD3647 /* DebugViewModel.swift */,
			);
			path = Debug;
			sourceTree = "<group>";
		};
		FAC3769B2889665700AD3647 /* Skill */ = {
			isa = PBXGroup;
			children = (
				FAC3769C2889665700AD3647 /* Skill.swift */,
				FAC3769E2889666200AD3647 /* SkillExperience.swift */,
				FA738E7828A273E900E1EC60 /* StatModifier.swift */,
			);
			path = Skill;
			sourceTree = "<group>";
		};
		FAC376A0288976CB00AD3647 /* Inventory */ = {
			isa = PBXGroup;
			children = (
				FAC376A1288976D300AD3647 /* SkillStoreTests.swift */,
				FA738E3E289DEF1600E1EC60 /* InventoryStoreTests.swift */,
			);
			path = Inventory;
			sourceTree = "<group>";
		};
		FAC376A5288A16A900AD3647 /* SkillOperations */ = {
			isa = PBXGroup;
			children = (
				FAC376AA288A259100AD3647 /* MarketingActivity.swift */,
				FAC376A6288A16B500AD3647 /* MiningActivity.swift */,
				FAC376AC288A274700AD3647 /* SmeltingActivity.swift */,
				FA738DC728911C4600E1EC60 /* ConstructionContractActivity.swift */,
				FA738DEC289385C100E1EC60 /* ConstructionMaterialActivity.swift */,
				FA738E27289882C800E1EC60 /* AlloyActivity.swift */,
				FA738E4A289E152100E1EC60 /* ForgingActivity.swift */,
				FA738E5A289E2DFA00E1EC60 /* RecruitingActivity.swift */,
				FA738E60289E402100E1EC60 /* EducationActivity.swift */,
			);
			path = SkillOperations;
			sourceTree = "<group>";
		};
		FAC376B6288A4E7D00AD3647 /* Calculations */ = {
			isa = PBXGroup;
			children = (
				FAC376B7288A4E8400AD3647 /* XPLevelCalculation.swift */,
				FA738E352899253200E1EC60 /* ShortNumberFormatter.swift */,
				FA738E6A289F33B100E1EC60 /* EnhancementCalculation.swift */,
			);
			path = Calculations;
			sourceTree = "<group>";
		};
		FAC376B9288A4EEE00AD3647 /* Calculations */ = {
			isa = PBXGroup;
			children = (
				FAC376BA288A4EFE00AD3647 /* XPLevelCalculationTests.swift */,
				FA738E372899257400E1EC60 /* ShortNumberFormatterTests.swift */,
				FA738E6C289F46C100E1EC60 /* EnhancementCalculationTests.swift */,
			);
			path = Calculations;
			sourceTree = "<group>";
		};
		FAC376BC288B42B600AD3647 /* Skill */ = {
			isa = PBXGroup;
			children = (
				FAC376BD288B42C800AD3647 /* SkillProgressView.swift */,
			);
			path = Skill;
			sourceTree = "<group>";
		};
		FAC376BF288B82C500AD3647 /* Components */ = {
			isa = PBXGroup;
			children = (
				FAC376C0288B82CD00AD3647 /* LinearProgressView.swift */,
				FAC376C4288BE6F700AD3647 /* ToastView.swift */,
				FAC376CD288DF89700AD3647 /* PanelBackground.swift */,
				FAC376D4288E92AA00AD3647 /* PageTemplate.swift */,
			);
			path = Components;
			sourceTree = "<group>";
		};
		FAC376C6288BECCE00AD3647 /* Toast */ = {
			isa = PBXGroup;
			children = (
				FAC376C7288BECDD00AD3647 /* ToastPresentationView.swift */,
				FAC376C9288BECF600AD3647 /* ToastPresentationService.swift */,
				FA738E252897B50100E1EC60 /* ToastPresentationWindow.swift */,
			);
			path = Toast;
			sourceTree = "<group>";
		};
		FAC376CF288E913A00AD3647 /* Metallurgy */ = {
			isa = PBXGroup;
			children = (
				FAC376D0288E915A00AD3647 /* MetallurgyView.swift */,
				FAC376D2288E916B00AD3647 /* MetallurgyViewModel.swift */,
				FA738E2B2898C5A400E1EC60 /* SmeltingView.swift */,
				FA738E2A2898C5A400E1EC60 /* SmeltingViewModel.swift */,
				FA738E2C2898C5A400E1EC60 /* SmeltingActivityView.swift */,
			);
			path = Metallurgy;
			sourceTree = "<group>";
		};
/* End PBXGroup section */

/* Begin PBXNativeTarget section */
		FAC375D92883888F00AD3647 /* Companies */ = {
			isa = PBXNativeTarget;
			buildConfigurationList = FAC375E82883889000AD3647 /* Build configuration list for PBXNativeTarget "Companies" */;
			buildPhases = (
				FAC375D62883888F00AD3647 /* Sources */,
				FAC375D72883888F00AD3647 /* Frameworks */,
				FAC375D82883888F00AD3647 /* Resources */,
			);
			buildRules = (
			);
			dependencies = (
			);
			name = Companies;
			packageProductDependencies = (
				FAC37601288394A600AD3647 /* ASKCore */,
				FAC37603288394A600AD3647 /* ASSwiftUI */,
			);
			productName = Companies;
			productReference = FAC375DA2883888F00AD3647 /* Companies.app */;
			productType = "com.apple.product-type.application";
		};
		FAC3765D2887F2F300AD3647 /* CompaniesTests */ = {
			isa = PBXNativeTarget;
			buildConfigurationList = FAC376642887F2F300AD3647 /* Build configuration list for PBXNativeTarget "CompaniesTests" */;
			buildPhases = (
				FAC3765A2887F2F300AD3647 /* Sources */,
				FAC3765B2887F2F300AD3647 /* Frameworks */,
				FAC3765C2887F2F300AD3647 /* Resources */,
			);
			buildRules = (
			);
			dependencies = (
				FAC376632887F2F300AD3647 /* PBXTargetDependency */,
			);
			name = CompaniesTests;
			productName = CompaniesTests;
			productReference = FAC3765E2887F2F300AD3647 /* CompaniesTests.xctest */;
			productType = "com.apple.product-type.bundle.unit-test";
		};
/* End PBXNativeTarget section */

/* Begin PBXProject section */
		FAC375D22883888F00AD3647 /* Project object */ = {
			isa = PBXProject;
			attributes = {
				BuildIndependentTargetsInParallel = 1;
				LastSwiftUpdateCheck = 1340;
				LastUpgradeCheck = 1340;
				TargetAttributes = {
					FAC375D92883888F00AD3647 = {
						CreatedOnToolsVersion = 13.4.1;
					};
					FAC3765D2887F2F300AD3647 = {
						CreatedOnToolsVersion = 13.4.1;
						TestTargetID = FAC375D92883888F00AD3647;
					};
				};
			};
			buildConfigurationList = FAC375D52883888F00AD3647 /* Build configuration list for PBXProject "Companies" */;
			compatibilityVersion = "Xcode 13.0";
			developmentRegion = en;
			hasScannedForEncodings = 0;
			knownRegions = (
				en,
				Base,
			);
			mainGroup = FAC375D12883888F00AD3647;
			productRefGroup = FAC375DB2883888F00AD3647 /* Products */;
			projectDirPath = "";
			projectRoot = "";
			targets = (
				FAC375D92883888F00AD3647 /* Companies */,
				FAC3765D2887F2F300AD3647 /* CompaniesTests */,
			);
		};
/* End PBXProject section */

/* Begin PBXResourcesBuildPhase section */
		FAC375D82883888F00AD3647 /* Resources */ = {
			isa = PBXResourcesBuildPhase;
			buildActionMask = 2147483647;
			files = (
				FAC375FD2883943100AD3647 /* Preview Assets.xcassets in Resources */,
				FAC375EF2883890200AD3647 /* ASSwiftUI in Resources */,
				FAC375FC2883943100AD3647 /* Assets.xcassets in Resources */,
				FAC3763C288547C100AD3647 /* fontello.ttf in Resources */,
				FAC3764728868C6400AD3647 /* Icons.xcassets in Resources */,
				FAC375EE2883890200AD3647 /* ASKCore in Resources */,
			);
			runOnlyForDeploymentPostprocessing = 0;
		};
		FAC3765C2887F2F300AD3647 /* Resources */ = {
			isa = PBXResourcesBuildPhase;
			buildActionMask = 2147483647;
			files = (
			);
			runOnlyForDeploymentPostprocessing = 0;
		};
/* End PBXResourcesBuildPhase section */

/* Begin PBXSourcesBuildPhase section */
		FAC375D62883888F00AD3647 /* Sources */ = {
			isa = PBXSourcesBuildPhase;
			buildActionMask = 2147483647;
			files = (
				FAC3760828839F9B00AD3647 /* MiningView.swift in Sources */,
				FA738DF22894938A00E1EC60 /* PActivityService.swift in Sources */,
				FA738DF82894A90000E1EC60 /* MiningActivity+Service.swift in Sources */,
				FA738DC828911C4600E1EC60 /* ConstructionContractActivity.swift in Sources */,
				FA738E5B289E2DFA00E1EC60 /* RecruitingActivity.swift in Sources */,
				FA738E67289E479F00E1EC60 /* EducationViewModel.swift in Sources */,
				FAC376AF288A2BE700AD3647 /* ActivityStatsView.swift in Sources */,
				FA738DFE2894ADCC00E1EC60 /* MarketingActivity+Service.swift in Sources */,
				FAC376A7288A16B500AD3647 /* MiningActivity.swift in Sources */,
				FAC376232883F4B700AD3647 /* TaskTiming.swift in Sources */,
				FA738E53289E22A700E1EC60 /* HRSubType.swift in Sources */,
				FA738E4F289E216600E1EC60 /* HumanResourcesView.swift in Sources */,
				FA738E7928A273E900E1EC60 /* StatModifier.swift in Sources */,
				FA738E61289E402100E1EC60 /* EducationActivity.swift in Sources */,
				FA738DD32892294400E1EC60 /* HeadquartersView.swift in Sources */,
				FA738DFC2894ACBB00E1EC60 /* ConstructionMaterialActivity+Service.swift in Sources */,
				FA738E7728A101EF00E1EC60 /* EnhancementService.swift in Sources */,
				FAC376A4288A15D200AD3647 /* POperation.swift in Sources */,
				FAC3762E2884227200AD3647 /* InventoryView.swift in Sources */,
				FAC376C1288B82CD00AD3647 /* LinearProgressView.swift in Sources */,
				FA738DD728922FEA00E1EC60 /* CompanyStore.swift in Sources */,
				FAC376C8288BECDD00AD3647 /* ToastPresentationView.swift in Sources */,
				FAC3767328880FB900AD3647 /* ItemCountView.swift in Sources */,
				FA738DF4289499DC00E1EC60 /* PActivityStats.swift in Sources */,
				FAC3769A28892DFE00AD3647 /* SkillStore.swift in Sources */,
				FAC3764B2886915B00AD3647 /* ThemeIcon.swift in Sources */,
				FAC376AB288A259100AD3647 /* MarketingActivity.swift in Sources */,
				FAC376CA288BECF600AD3647 /* ToastPresentationService.swift in Sources */,
				FAC3769628891A6C00AD3647 /* ItemPercentage.swift in Sources */,
				FA738E2E2898C5A400E1EC60 /* SmeltingViewModel.swift in Sources */,
				FA738E69289E5ADF00E1EC60 /* EducationActivityView.swift in Sources */,
				FA738DDC28927A1C00E1EC60 /* CompanyModel.swift in Sources */,
				FA738E362899253200E1EC60 /* ShortNumberFormatter.swift in Sources */,
				FAC376392884B44C00AD3647 /* OperationListViewModel.swift in Sources */,
				FAC376A9288A1EE000AD3647 /* ExperienceView.swift in Sources */,
				FA738E63289E42E700E1EC60 /* EducationActivity+Service.swift in Sources */,
				FA738E5D289E30B300E1EC60 /* RecruitingActivity+Service.swift in Sources */,
				FAC376C5288BE6F700AD3647 /* ToastView.swift in Sources */,
				FAC376CE288DF89700AD3647 /* PanelBackground.swift in Sources */,
				FAC3769828891B5500AD3647 /* ItemPercentageView.swift in Sources */,
				FA738E57289E259200E1EC60 /* RecruitingViewModel.swift in Sources */,
				FA738DC628910FF800E1EC60 /* ConstructionSubType.swift in Sources */,
				FA738E082895F6C200E1EC60 /* SceneDelegate.swift in Sources */,
				FA738DE4289297B700E1EC60 /* GamePath.swift in Sources */,
				FAC376522887ECC400AD3647 /* ItemRecipe.swift in Sources */,
				FAC376372884B43900AD3647 /* OperationListView.swift in Sources */,
				FAC37676288827D500AD3647 /* PKeyValueStore.swift in Sources */,
				FA738E322899098800E1EC60 /* RecipeOutputView.swift in Sources */,
				FAC376AD288A274700AD3647 /* SmeltingActivity.swift in Sources */,
				FAC3769F2889666200AD3647 /* SkillExperience.swift in Sources */,
				FAC376D7288EB44D00AD3647 /* ItemDetailsView.swift in Sources */,
				FAC3762628840B4C00AD3647 /* InventoryStore.swift in Sources */,
				FAC376BE288B42C800AD3647 /* SkillProgressView.swift in Sources */,
				FA738DEB28937FA100E1EC60 /* ConstructionMaterialsViewModel.swift in Sources */,
				FA738E7028A0F86C00E1EC60 /* ManageEnhancementsView.swift in Sources */,
				FAC376302884227B00AD3647 /* InventoryViewModel.swift in Sources */,
				FA738DE2289296A500E1EC60 /* HQPath.swift in Sources */,
				FA738E3B2899D38F00E1EC60 /* TransientValuesService.swift in Sources */,
				FAC376542887EE9800AD3647 /* ItemRecipeOperation.swift in Sources */,
				FAC37632288424C600AD3647 /* ItemCount.swift in Sources */,
				FA738DE928937F9200E1EC60 /* ConstructionMaterialsView.swift in Sources */,
				FA738DC22890DBAB00E1EC60 /* ConstructionView.swift in Sources */,
				FA738E302898C5A400E1EC60 /* SmeltingActivityView.swift in Sources */,
				FAC3768B2888AC7200AD3647 /* AgencyMarketingTypeView.swift in Sources */,
				FAC376922888B0B800AD3647 /* DebugViewModel.swift in Sources */,
				FA738DD02891231000E1EC60 /* ConstructionContractActivityView.swift in Sources */,
				FAC376412885504600AD3647 /* Color+Theme.swift in Sources */,
				FA738DDA2892307600E1EC60 /* HQType.swift in Sources */,
				FAC3767C2888A58F00AD3647 /* DebugTimeProvider.swift in Sources */,
				FA738DFA2894AAC200E1EC60 /* ConstructionContractActivity+Service.swift in Sources */,
				FA738E3D2899D40700E1EC60 /* TransientValuesStore.swift in Sources */,
				FAC3761F2883E3AA00AD3647 /* OperationProgressView.swift in Sources */,
				FAC376902888B0A800AD3647 /* DebugView.swift in Sources */,
				FA738DD52892295900E1EC60 /* HeadquartersViewModel.swift in Sources */,
				FA738E7428A0FA7300E1EC60 /* Enhancement.swift in Sources */,
				FA738DCC28911F1F00E1EC60 /* ConstructionContractsView.swift in Sources */,
				FAC375FA2883943100AD3647 /* ContentView.swift in Sources */,
				FA738E062895F69600E1EC60 /* AppDelegate.swift in Sources */,
				FAC376592887F07100AD3647 /* RecipeService.swift in Sources */,
				FA738DE728929E2400E1EC60 /* IngredientsView.swift in Sources */,
				FA738DE0289294A300E1EC60 /* HQUpgradeViewModel.swift in Sources */,
				FAC376CC288D38D900AD3647 /* Palette.swift in Sources */,
				FA738E4B289E152100E1EC60 /* ForgingActivity.swift in Sources */,
				FA738E7228A0F8A900E1EC60 /* ManageEnhancementsViewModel.swift in Sources */,
				FAC3763F28854B6F00AD3647 /* Fonts.swift in Sources */,
				FA738E59289E2D8F00E1EC60 /* RecruitingPlaceView.swift in Sources */,
				FA738E1C2897384A00E1EC60 /* ChangeHistoryViewModel.swift in Sources */,
				FAC3762928840BC000AD3647 /* ItemType.swift in Sources */,
				FA738E55289E257D00E1EC60 /* RecruitingView.swift in Sources */,
				FA738E28289882C800E1EC60 /* AlloyActivity.swift in Sources */,
				FA738E0E28965C2700E1EC60 /* OperationService.swift in Sources */,
				FA738E002894AE0200E1EC60 /* SmeltingActivity+Service.swift in Sources */,
				FAC376002883947700AD3647 /* IOC.swift in Sources */,
				FAC376D1288E915A00AD3647 /* MetallurgyView.swift in Sources */,
				FA738DEF2893E38E00E1EC60 /* ConstructionMaterialActivtyView.swift in Sources */,
				FAC3767A2888985900AD3647 /* TimeProvider.swift in Sources */,
				FA738E262897B50100E1EC60 /* ToastPresentationWindow.swift in Sources */,
				FA738E0C289653AD00E1EC60 /* OfflineService.swift in Sources */,
				FAC3767828882AC800AD3647 /* InMemoryDefaults.swift in Sources */,
				FAC375FB2883943100AD3647 /* CompaniesApp.swift in Sources */,
				FA738E1428972D5E00E1EC60 /* ChangeHistory.swift in Sources */,
				FA738DDE2892948100E1EC60 /* HQUpgradeView.swift in Sources */,
				FAC376182883CB8700AD3647 /* OperationProgress.swift in Sources */,
				FAC37634288428D600AD3647 /* ItemIconView.swift in Sources */,
				FA738E042895428800E1EC60 /* UIHistoryStore.swift in Sources */,
				FA738E0228951A5200E1EC60 /* SimpleRecipeView.swift in Sources */,
				FA738DBD2890962600E1EC60 /* PCoordinator.swift in Sources */,
				FA738E3428990AB700E1EC60 /* RecipeCreateView.swift in Sources */,
				FAC376942889195E00AD3647 /* MiningPlaceView.swift in Sources */,
				FAC376852888AA2000AD3647 /* MarketingView.swift in Sources */,
				FA738DBB288FE97C00E1EC60 /* GameCoordinator.swift in Sources */,
				FA738DCE28911F2F00E1EC60 /* ConstructionContractsViewModel.swift in Sources */,
				FA738E2F2898C5A400E1EC60 /* SmeltingView.swift in Sources */,
				FA738E1728972DA200E1EC60 /* ChangeHistoryService.swift in Sources */,
				FA738E6B289F33B100E1EC60 /* EnhancementCalculation.swift in Sources */,
				FAC376872888AA2700AD3647 /* MarketingViewModel.swift in Sources */,
				FAC376B8288A4E8400AD3647 /* XPLevelCalculation.swift in Sources */,
				FA738E0A2895F9CE00E1EC60 /* PBackgroundListener.swift in Sources */,
				FAC376D5288E92AA00AD3647 /* PageTemplate.swift in Sources */,
				FA738DC42890DCA100E1EC60 /* ConstructionViewModel.swift in Sources */,
				FAC3761D2883DEC400AD3647 /* DurationView.swift in Sources */,
				FA738DED289385C100E1EC60 /* ConstructionMaterialActivity.swift in Sources */,
				FAC376D3288E916B00AD3647 /* MetallurgyViewModel.swift in Sources */,
				FA738DBF289096ED00E1EC60 /* OperationPath.swift in Sources */,
				FAC3760A28839FA100AD3647 /* MiningViewModel.swift in Sources */,
				FA738E65289E476500E1EC60 /* EducationView.swift in Sources */,
				FA738E1A2897383400E1EC60 /* ChangeHistoryView.swift in Sources */,
				FA738E1E28974E2000E1EC60 /* AppStateStore.swift in Sources */,
				FAC376B1288A2C6100AD3647 /* PercentageOutputView.swift in Sources */,
				FA738E51289E219500E1EC60 /* HumanResourcesViewModel.swift in Sources */,
				FAC3769D2889665700AD3647 /* Skill.swift in Sources */,
				FA738E2028976F7400E1EC60 /* ActivityStore.swift in Sources */,
			);
			runOnlyForDeploymentPostprocessing = 0;
		};
		FAC3765A2887F2F300AD3647 /* Sources */ = {
			isa = PBXSourcesBuildPhase;
			buildActionMask = 2147483647;
			files = (
				FA738E24289775D700E1EC60 /* OperationProgressTests.swift in Sources */,
				FAC376A2288976D300AD3647 /* SkillStoreTests.swift in Sources */,
				FA738E382899257400E1EC60 /* ShortNumberFormatterTests.swift in Sources */,
				FAC3768D2888B00600AD3647 /* MarketingServiceTests.swift in Sources */,
				FA738E43289DF17000E1EC60 /* HeadquartersViewModelTests.swift in Sources */,
				FAC376BB288A4EFE00AD3647 /* XPLevelCalculationTests.swift in Sources */,
				FAC3766D288800CB00AD3647 /* SmithingServiceTests.swift in Sources */,
				FA738E49289E05BA00E1EC60 /* PublisherExpectation.swift in Sources */,
				FA738E6D289F46C100E1EC60 /* EnhancementCalculationTests.swift in Sources */,
				FA738E5F289E3A6A00E1EC60 /* IOCTestCase.swift in Sources */,
				FAC3766B2887F32600AD3647 /* RecipeServiceTests.swift in Sources */,
				FA738E46289E021C00E1EC60 /* TransientValuesServiceTests.swift in Sources */,
				FA738E3F289DEF1600E1EC60 /* InventoryStoreTests.swift in Sources */,
				FA738E1128967FA800E1EC60 /* OfflineServiceTests.swift in Sources */,
			);
			runOnlyForDeploymentPostprocessing = 0;
		};
/* End PBXSourcesBuildPhase section */

/* Begin PBXTargetDependency section */
		FAC376632887F2F300AD3647 /* PBXTargetDependency */ = {
			isa = PBXTargetDependency;
			target = FAC375D92883888F00AD3647 /* Companies */;
			targetProxy = FAC376622887F2F300AD3647 /* PBXContainerItemProxy */;
		};
/* End PBXTargetDependency section */

/* Begin XCBuildConfiguration section */
		FAC375E62883889000AD3647 /* Debug */ = {
			isa = XCBuildConfiguration;
			buildSettings = {
				ALWAYS_SEARCH_USER_PATHS = NO;
				CLANG_ANALYZER_NONNULL = YES;
				CLANG_ANALYZER_NUMBER_OBJECT_CONVERSION = YES_AGGRESSIVE;
				CLANG_CXX_LANGUAGE_STANDARD = "gnu++17";
				CLANG_ENABLE_MODULES = YES;
				CLANG_ENABLE_OBJC_ARC = YES;
				CLANG_ENABLE_OBJC_WEAK = YES;
				CLANG_WARN_BLOCK_CAPTURE_AUTORELEASING = YES;
				CLANG_WARN_BOOL_CONVERSION = YES;
				CLANG_WARN_COMMA = YES;
				CLANG_WARN_CONSTANT_CONVERSION = YES;
				CLANG_WARN_DEPRECATED_OBJC_IMPLEMENTATIONS = YES;
				CLANG_WARN_DIRECT_OBJC_ISA_USAGE = YES_ERROR;
				CLANG_WARN_DOCUMENTATION_COMMENTS = YES;
				CLANG_WARN_EMPTY_BODY = YES;
				CLANG_WARN_ENUM_CONVERSION = YES;
				CLANG_WARN_INFINITE_RECURSION = YES;
				CLANG_WARN_INT_CONVERSION = YES;
				CLANG_WARN_NON_LITERAL_NULL_CONVERSION = YES;
				CLANG_WARN_OBJC_IMPLICIT_RETAIN_SELF = YES;
				CLANG_WARN_OBJC_LITERAL_CONVERSION = YES;
				CLANG_WARN_OBJC_ROOT_CLASS = YES_ERROR;
				CLANG_WARN_QUOTED_INCLUDE_IN_FRAMEWORK_HEADER = YES;
				CLANG_WARN_RANGE_LOOP_ANALYSIS = YES;
				CLANG_WARN_STRICT_PROTOTYPES = YES;
				CLANG_WARN_SUSPICIOUS_MOVE = YES;
				CLANG_WARN_UNGUARDED_AVAILABILITY = YES_AGGRESSIVE;
				CLANG_WARN_UNREACHABLE_CODE = YES;
				CLANG_WARN__DUPLICATE_METHOD_MATCH = YES;
				COPY_PHASE_STRIP = NO;
				DEBUG_INFORMATION_FORMAT = dwarf;
				ENABLE_STRICT_OBJC_MSGSEND = YES;
				ENABLE_TESTABILITY = YES;
				GCC_C_LANGUAGE_STANDARD = gnu11;
				GCC_DYNAMIC_NO_PIC = NO;
				GCC_NO_COMMON_BLOCKS = YES;
				GCC_OPTIMIZATION_LEVEL = 0;
				GCC_PREPROCESSOR_DEFINITIONS = (
					"DEBUG=1",
					"$(inherited)",
				);
				GCC_WARN_64_TO_32_BIT_CONVERSION = YES;
				GCC_WARN_ABOUT_RETURN_TYPE = YES_ERROR;
				GCC_WARN_UNDECLARED_SELECTOR = YES;
				GCC_WARN_UNINITIALIZED_AUTOS = YES_AGGRESSIVE;
				GCC_WARN_UNUSED_FUNCTION = YES;
				GCC_WARN_UNUSED_VARIABLE = YES;
				IPHONEOS_DEPLOYMENT_TARGET = 16.0;
				MTL_ENABLE_DEBUG_INFO = INCLUDE_SOURCE;
				MTL_FAST_MATH = YES;
				ONLY_ACTIVE_ARCH = YES;
				SDKROOT = iphoneos;
				SWIFT_ACTIVE_COMPILATION_CONDITIONS = DEBUG;
				SWIFT_OPTIMIZATION_LEVEL = "-Onone";
			};
			name = Debug;
		};
		FAC375E72883889000AD3647 /* Release */ = {
			isa = XCBuildConfiguration;
			buildSettings = {
				ALWAYS_SEARCH_USER_PATHS = NO;
				CLANG_ANALYZER_NONNULL = YES;
				CLANG_ANALYZER_NUMBER_OBJECT_CONVERSION = YES_AGGRESSIVE;
				CLANG_CXX_LANGUAGE_STANDARD = "gnu++17";
				CLANG_ENABLE_MODULES = YES;
				CLANG_ENABLE_OBJC_ARC = YES;
				CLANG_ENABLE_OBJC_WEAK = YES;
				CLANG_WARN_BLOCK_CAPTURE_AUTORELEASING = YES;
				CLANG_WARN_BOOL_CONVERSION = YES;
				CLANG_WARN_COMMA = YES;
				CLANG_WARN_CONSTANT_CONVERSION = YES;
				CLANG_WARN_DEPRECATED_OBJC_IMPLEMENTATIONS = YES;
				CLANG_WARN_DIRECT_OBJC_ISA_USAGE = YES_ERROR;
				CLANG_WARN_DOCUMENTATION_COMMENTS = YES;
				CLANG_WARN_EMPTY_BODY = YES;
				CLANG_WARN_ENUM_CONVERSION = YES;
				CLANG_WARN_INFINITE_RECURSION = YES;
				CLANG_WARN_INT_CONVERSION = YES;
				CLANG_WARN_NON_LITERAL_NULL_CONVERSION = YES;
				CLANG_WARN_OBJC_IMPLICIT_RETAIN_SELF = YES;
				CLANG_WARN_OBJC_LITERAL_CONVERSION = YES;
				CLANG_WARN_OBJC_ROOT_CLASS = YES_ERROR;
				CLANG_WARN_QUOTED_INCLUDE_IN_FRAMEWORK_HEADER = YES;
				CLANG_WARN_RANGE_LOOP_ANALYSIS = YES;
				CLANG_WARN_STRICT_PROTOTYPES = YES;
				CLANG_WARN_SUSPICIOUS_MOVE = YES;
				CLANG_WARN_UNGUARDED_AVAILABILITY = YES_AGGRESSIVE;
				CLANG_WARN_UNREACHABLE_CODE = YES;
				CLANG_WARN__DUPLICATE_METHOD_MATCH = YES;
				COPY_PHASE_STRIP = NO;
				DEBUG_INFORMATION_FORMAT = "dwarf-with-dsym";
				ENABLE_NS_ASSERTIONS = NO;
				ENABLE_STRICT_OBJC_MSGSEND = YES;
				GCC_C_LANGUAGE_STANDARD = gnu11;
				GCC_NO_COMMON_BLOCKS = YES;
				GCC_WARN_64_TO_32_BIT_CONVERSION = YES;
				GCC_WARN_ABOUT_RETURN_TYPE = YES_ERROR;
				GCC_WARN_UNDECLARED_SELECTOR = YES;
				GCC_WARN_UNINITIALIZED_AUTOS = YES_AGGRESSIVE;
				GCC_WARN_UNUSED_FUNCTION = YES;
				GCC_WARN_UNUSED_VARIABLE = YES;
				IPHONEOS_DEPLOYMENT_TARGET = 16.0;
				MTL_ENABLE_DEBUG_INFO = NO;
				MTL_FAST_MATH = YES;
				SDKROOT = iphoneos;
				SWIFT_COMPILATION_MODE = wholemodule;
				SWIFT_OPTIMIZATION_LEVEL = "-O";
				VALIDATE_PRODUCT = YES;
			};
			name = Release;
		};
		FAC375E92883889000AD3647 /* Debug */ = {
			isa = XCBuildConfiguration;
			buildSettings = {
				ASSETCATALOG_COMPILER_APPICON_NAME = AppIcon;
				ASSETCATALOG_COMPILER_GLOBAL_ACCENT_COLOR_NAME = AccentColor;
				CODE_SIGN_STYLE = Automatic;
				CURRENT_PROJECT_VERSION = 1;
				DEVELOPMENT_ASSET_PATHS = "\"Companies/Resource/Preview Content\"";
				DEVELOPMENT_TEAM = X4S6MUZL2D;
				ENABLE_PREVIEWS = YES;
				GENERATE_INFOPLIST_FILE = YES;
				INFOPLIST_KEY_UIApplicationSceneManifest_Generation = YES;
				INFOPLIST_KEY_UIApplicationSupportsIndirectInputEvents = YES;
				INFOPLIST_KEY_UILaunchScreen_Generation = YES;
				INFOPLIST_KEY_UISupportedInterfaceOrientations_iPad = "UIInterfaceOrientationPortrait UIInterfaceOrientationPortraitUpsideDown UIInterfaceOrientationLandscapeLeft UIInterfaceOrientationLandscapeRight";
				INFOPLIST_KEY_UISupportedInterfaceOrientations_iPhone = "UIInterfaceOrientationPortrait UIInterfaceOrientationLandscapeLeft UIInterfaceOrientationLandscapeRight";
				LD_RUNPATH_SEARCH_PATHS = (
					"$(inherited)",
					"@executable_path/Frameworks",
				);
				MARKETING_VERSION = 1.0;
				PRODUCT_BUNDLE_IDENTIFIER = com.skorulis.Companies;
				PRODUCT_NAME = "$(TARGET_NAME)";
				SWIFT_EMIT_LOC_STRINGS = YES;
				SWIFT_VERSION = 5.0;
				TARGETED_DEVICE_FAMILY = "1,2";
			};
			name = Debug;
		};
		FAC375EA2883889000AD3647 /* Release */ = {
			isa = XCBuildConfiguration;
			buildSettings = {
				ASSETCATALOG_COMPILER_APPICON_NAME = AppIcon;
				ASSETCATALOG_COMPILER_GLOBAL_ACCENT_COLOR_NAME = AccentColor;
				CODE_SIGN_STYLE = Automatic;
				CURRENT_PROJECT_VERSION = 1;
				DEVELOPMENT_ASSET_PATHS = "\"Companies/Resource/Preview Content\"";
				DEVELOPMENT_TEAM = X4S6MUZL2D;
				ENABLE_PREVIEWS = YES;
				GENERATE_INFOPLIST_FILE = YES;
				INFOPLIST_KEY_UIApplicationSceneManifest_Generation = YES;
				INFOPLIST_KEY_UIApplicationSupportsIndirectInputEvents = YES;
				INFOPLIST_KEY_UILaunchScreen_Generation = YES;
				INFOPLIST_KEY_UISupportedInterfaceOrientations_iPad = "UIInterfaceOrientationPortrait UIInterfaceOrientationPortraitUpsideDown UIInterfaceOrientationLandscapeLeft UIInterfaceOrientationLandscapeRight";
				INFOPLIST_KEY_UISupportedInterfaceOrientations_iPhone = "UIInterfaceOrientationPortrait UIInterfaceOrientationLandscapeLeft UIInterfaceOrientationLandscapeRight";
				LD_RUNPATH_SEARCH_PATHS = (
					"$(inherited)",
					"@executable_path/Frameworks",
				);
				MARKETING_VERSION = 1.0;
				PRODUCT_BUNDLE_IDENTIFIER = com.skorulis.Companies;
				PRODUCT_NAME = "$(TARGET_NAME)";
				SWIFT_EMIT_LOC_STRINGS = YES;
				SWIFT_VERSION = 5.0;
				TARGETED_DEVICE_FAMILY = "1,2";
			};
			name = Release;
		};
		FAC376652887F2F300AD3647 /* Debug */ = {
			isa = XCBuildConfiguration;
			buildSettings = {
				BUNDLE_LOADER = "$(TEST_HOST)";
				CODE_SIGN_STYLE = Automatic;
				CURRENT_PROJECT_VERSION = 1;
				DEVELOPMENT_TEAM = X4S6MUZL2D;
				GENERATE_INFOPLIST_FILE = YES;
				MARKETING_VERSION = 1.0;
				PRODUCT_BUNDLE_IDENTIFIER = com.skorulis.CompaniesTests;
				PRODUCT_NAME = "$(TARGET_NAME)";
				SWIFT_EMIT_LOC_STRINGS = NO;
				SWIFT_VERSION = 5.0;
				TARGETED_DEVICE_FAMILY = "1,2";
				TEST_HOST = "$(BUILT_PRODUCTS_DIR)/Companies.app/Companies";
			};
			name = Debug;
		};
		FAC376662887F2F300AD3647 /* Release */ = {
			isa = XCBuildConfiguration;
			buildSettings = {
				BUNDLE_LOADER = "$(TEST_HOST)";
				CODE_SIGN_STYLE = Automatic;
				CURRENT_PROJECT_VERSION = 1;
				DEVELOPMENT_TEAM = X4S6MUZL2D;
				GENERATE_INFOPLIST_FILE = YES;
				MARKETING_VERSION = 1.0;
				PRODUCT_BUNDLE_IDENTIFIER = com.skorulis.CompaniesTests;
				PRODUCT_NAME = "$(TARGET_NAME)";
				SWIFT_EMIT_LOC_STRINGS = NO;
				SWIFT_VERSION = 5.0;
				TARGETED_DEVICE_FAMILY = "1,2";
				TEST_HOST = "$(BUILT_PRODUCTS_DIR)/Companies.app/Companies";
			};
			name = Release;
		};
/* End XCBuildConfiguration section */

/* Begin XCConfigurationList section */
		FAC375D52883888F00AD3647 /* Build configuration list for PBXProject "Companies" */ = {
			isa = XCConfigurationList;
			buildConfigurations = (
				FAC375E62883889000AD3647 /* Debug */,
				FAC375E72883889000AD3647 /* Release */,
			);
			defaultConfigurationIsVisible = 0;
			defaultConfigurationName = Release;
		};
		FAC375E82883889000AD3647 /* Build configuration list for PBXNativeTarget "Companies" */ = {
			isa = XCConfigurationList;
			buildConfigurations = (
				FAC375E92883889000AD3647 /* Debug */,
				FAC375EA2883889000AD3647 /* Release */,
			);
			defaultConfigurationIsVisible = 0;
			defaultConfigurationName = Release;
		};
		FAC376642887F2F300AD3647 /* Build configuration list for PBXNativeTarget "CompaniesTests" */ = {
			isa = XCConfigurationList;
			buildConfigurations = (
				FAC376652887F2F300AD3647 /* Debug */,
				FAC376662887F2F300AD3647 /* Release */,
			);
			defaultConfigurationIsVisible = 0;
			defaultConfigurationName = Release;
		};
/* End XCConfigurationList section */

/* Begin XCSwiftPackageProductDependency section */
		FAC37601288394A600AD3647 /* ASKCore */ = {
			isa = XCSwiftPackageProductDependency;
			productName = ASKCore;
		};
		FAC37603288394A600AD3647 /* ASSwiftUI */ = {
			isa = XCSwiftPackageProductDependency;
			productName = ASSwiftUI;
		};
/* End XCSwiftPackageProductDependency section */
	};
	rootObject = FAC375D22883888F00AD3647 /* Project object */;
}
