// !$*UTF8*$!
{
	archiveVersion = 1;
	classes = {
	};
	objectVersion = 55;
	objects = {

/* Begin PBXBuildFile section */
		FAC375EE2883890200AD3647 /* ASKCore in Resources */ = {isa = PBXBuildFile; fileRef = FAC375EC2883890200AD3647 /* ASKCore */; };
		FAC375EF2883890200AD3647 /* ASSwiftUI in Resources */ = {isa = PBXBuildFile; fileRef = FAC375ED2883890200AD3647 /* ASSwiftUI */; };
		FAC375FA2883943100AD3647 /* ContentView.swift in Sources */ = {isa = PBXBuildFile; fileRef = FAC375F22883943100AD3647 /* ContentView.swift */; };
		FAC375FB2883943100AD3647 /* CompaniesApp.swift in Sources */ = {isa = PBXBuildFile; fileRef = FAC375F32883943100AD3647 /* CompaniesApp.swift */; };
		FAC375FC2883943100AD3647 /* Assets.xcassets in Resources */ = {isa = PBXBuildFile; fileRef = FAC375F62883943100AD3647 /* Assets.xcassets */; };
		FAC375FD2883943100AD3647 /* Preview Assets.xcassets in Resources */ = {isa = PBXBuildFile; fileRef = FAC375F82883943100AD3647 /* Preview Assets.xcassets */; };
		FAC376002883947700AD3647 /* IOC.swift in Sources */ = {isa = PBXBuildFile; fileRef = FAC375FF2883947700AD3647 /* IOC.swift */; };
		FAC37602288394A600AD3647 /* ASKCore in Frameworks */ = {isa = PBXBuildFile; productRef = FAC37601288394A600AD3647 /* ASKCore */; };
		FAC37604288394A600AD3647 /* ASSwiftUI in Frameworks */ = {isa = PBXBuildFile; productRef = FAC37603288394A600AD3647 /* ASSwiftUI */; };
		FAC3760828839F9B00AD3647 /* MiningView.swift in Sources */ = {isa = PBXBuildFile; fileRef = FAC3760728839F9B00AD3647 /* MiningView.swift */; };
		FAC3760A28839FA100AD3647 /* MiningViewModel.swift in Sources */ = {isa = PBXBuildFile; fileRef = FAC3760928839FA100AD3647 /* MiningViewModel.swift */; };
		FAC3760F2883C8B500AD3647 /* OperationService.swift in Sources */ = {isa = PBXBuildFile; fileRef = FAC3760E2883C8B500AD3647 /* OperationService.swift */; };
		FAC376162883CB8000AD3647 /* Operation.swift in Sources */ = {isa = PBXBuildFile; fileRef = FAC376152883CB8000AD3647 /* Operation.swift */; };
		FAC376182883CB8700AD3647 /* OperationProgress.swift in Sources */ = {isa = PBXBuildFile; fileRef = FAC376172883CB8700AD3647 /* OperationProgress.swift */; };
		FAC3761D2883DEC400AD3647 /* DurationView.swift in Sources */ = {isa = PBXBuildFile; fileRef = FAC3761C2883DEC400AD3647 /* DurationView.swift */; };
		FAC3761F2883E3AA00AD3647 /* OperationProgressView.swift in Sources */ = {isa = PBXBuildFile; fileRef = FAC3761E2883E3AA00AD3647 /* OperationProgressView.swift */; };
		FAC376232883F4B700AD3647 /* TaskTiming.swift in Sources */ = {isa = PBXBuildFile; fileRef = FAC376222883F4B700AD3647 /* TaskTiming.swift */; };
		FAC3762628840B4C00AD3647 /* InventoryStore.swift in Sources */ = {isa = PBXBuildFile; fileRef = FAC3762528840B4C00AD3647 /* InventoryStore.swift */; };
		FAC3762928840BC000AD3647 /* ItemType.swift in Sources */ = {isa = PBXBuildFile; fileRef = FAC3762828840BC000AD3647 /* ItemType.swift */; };
		FAC3762B28840F6C00AD3647 /* MiningService.swift in Sources */ = {isa = PBXBuildFile; fileRef = FAC3762A28840F6C00AD3647 /* MiningService.swift */; };
		FAC3762E2884227200AD3647 /* InventoryView.swift in Sources */ = {isa = PBXBuildFile; fileRef = FAC3762D2884227200AD3647 /* InventoryView.swift */; };
		FAC376302884227B00AD3647 /* InventoryViewModel.swift in Sources */ = {isa = PBXBuildFile; fileRef = FAC3762F2884227B00AD3647 /* InventoryViewModel.swift */; };
		FAC37632288424C600AD3647 /* ItemCount.swift in Sources */ = {isa = PBXBuildFile; fileRef = FAC37631288424C600AD3647 /* ItemCount.swift */; };
		FAC37634288428D600AD3647 /* ItemIconView.swift in Sources */ = {isa = PBXBuildFile; fileRef = FAC37633288428D600AD3647 /* ItemIconView.swift */; };
		FAC376372884B43900AD3647 /* OperationListView.swift in Sources */ = {isa = PBXBuildFile; fileRef = FAC376362884B43900AD3647 /* OperationListView.swift */; };
		FAC376392884B44C00AD3647 /* OperationListViewModel.swift in Sources */ = {isa = PBXBuildFile; fileRef = FAC376382884B44C00AD3647 /* OperationListViewModel.swift */; };
		FAC3763C288547C100AD3647 /* fontello.ttf in Resources */ = {isa = PBXBuildFile; fileRef = FAC3763B288547C100AD3647 /* fontello.ttf */; };
		FAC3763F28854B6F00AD3647 /* Fonts.swift in Sources */ = {isa = PBXBuildFile; fileRef = FAC3763E28854B6F00AD3647 /* Fonts.swift */; };
		FAC376412885504600AD3647 /* Color+Theme.swift in Sources */ = {isa = PBXBuildFile; fileRef = FAC376402885504600AD3647 /* Color+Theme.swift */; };
		FAC3764728868C6400AD3647 /* Icons.xcassets in Resources */ = {isa = PBXBuildFile; fileRef = FAC3764628868C6400AD3647 /* Icons.xcassets */; };
		FAC3764B2886915B00AD3647 /* ThemeIcon.swift in Sources */ = {isa = PBXBuildFile; fileRef = FAC3764A2886915B00AD3647 /* ThemeIcon.swift */; };
		FAC3764E2887EAD800AD3647 /* SmithingView.swift in Sources */ = {isa = PBXBuildFile; fileRef = FAC3764D2887EAD800AD3647 /* SmithingView.swift */; };
		FAC376502887EAE400AD3647 /* SmithingViewModel.swift in Sources */ = {isa = PBXBuildFile; fileRef = FAC3764F2887EAE400AD3647 /* SmithingViewModel.swift */; };
		FAC376522887ECC400AD3647 /* ItemRecipe.swift in Sources */ = {isa = PBXBuildFile; fileRef = FAC376512887ECC400AD3647 /* ItemRecipe.swift */; };
		FAC376542887EE9800AD3647 /* ItemRecipeOperation.swift in Sources */ = {isa = PBXBuildFile; fileRef = FAC376532887EE9800AD3647 /* ItemRecipeOperation.swift */; };
		FAC376562887F04100AD3647 /* SmithingService.swift in Sources */ = {isa = PBXBuildFile; fileRef = FAC376552887F04100AD3647 /* SmithingService.swift */; };
		FAC376592887F07100AD3647 /* RecipeService.swift in Sources */ = {isa = PBXBuildFile; fileRef = FAC376582887F07100AD3647 /* RecipeService.swift */; };
		FAC3766B2887F32600AD3647 /* RecipeServiceTests.swift in Sources */ = {isa = PBXBuildFile; fileRef = FAC3766A2887F32600AD3647 /* RecipeServiceTests.swift */; };
		FAC3766D288800CB00AD3647 /* SmithingServiceTests.swift in Sources */ = {isa = PBXBuildFile; fileRef = FAC3766C288800CB00AD3647 /* SmithingServiceTests.swift */; };
		FAC3766F288807E500AD3647 /* RecipeView.swift in Sources */ = {isa = PBXBuildFile; fileRef = FAC3766E288807E500AD3647 /* RecipeView.swift */; };
		FAC3767128880D0400AD3647 /* RecipeDetailView.swift in Sources */ = {isa = PBXBuildFile; fileRef = FAC3767028880D0400AD3647 /* RecipeDetailView.swift */; };
		FAC3767328880FB900AD3647 /* ItemCountView.swift in Sources */ = {isa = PBXBuildFile; fileRef = FAC3767228880FB900AD3647 /* ItemCountView.swift */; };
		FAC37676288827D500AD3647 /* PKeyValueStore.swift in Sources */ = {isa = PBXBuildFile; fileRef = FAC37675288827D500AD3647 /* PKeyValueStore.swift */; };
		FAC3767828882AC800AD3647 /* InMemoryDefaults.swift in Sources */ = {isa = PBXBuildFile; fileRef = FAC3767728882AC800AD3647 /* InMemoryDefaults.swift */; };
		FAC3767A2888985900AD3647 /* TimeProvider.swift in Sources */ = {isa = PBXBuildFile; fileRef = FAC376792888985900AD3647 /* TimeProvider.swift */; };
		FAC3767C2888A58F00AD3647 /* DebugTimeProvider.swift in Sources */ = {isa = PBXBuildFile; fileRef = FAC3767B2888A58F00AD3647 /* DebugTimeProvider.swift */; };
		FAC3767E2888A80B00AD3647 /* MarketingService.swift in Sources */ = {isa = PBXBuildFile; fileRef = FAC3767D2888A80B00AD3647 /* MarketingService.swift */; };
		FAC376852888AA2000AD3647 /* MarketingView.swift in Sources */ = {isa = PBXBuildFile; fileRef = FAC376842888AA2000AD3647 /* MarketingView.swift */; };
		FAC376872888AA2700AD3647 /* MarketingViewModel.swift in Sources */ = {isa = PBXBuildFile; fileRef = FAC376862888AA2700AD3647 /* MarketingViewModel.swift */; };
		FAC3768B2888AC7200AD3647 /* AgencyMarketingTypeView.swift in Sources */ = {isa = PBXBuildFile; fileRef = FAC3768A2888AC7200AD3647 /* AgencyMarketingTypeView.swift */; };
		FAC3768D2888B00600AD3647 /* MarketingServiceTests.swift in Sources */ = {isa = PBXBuildFile; fileRef = FAC3768C2888B00600AD3647 /* MarketingServiceTests.swift */; };
		FAC376902888B0A800AD3647 /* DebugView.swift in Sources */ = {isa = PBXBuildFile; fileRef = FAC3768F2888B0A800AD3647 /* DebugView.swift */; };
		FAC376922888B0B800AD3647 /* DebugViewModel.swift in Sources */ = {isa = PBXBuildFile; fileRef = FAC376912888B0B800AD3647 /* DebugViewModel.swift */; };
		FAC376942889195E00AD3647 /* MiningPlaceView.swift in Sources */ = {isa = PBXBuildFile; fileRef = FAC376932889195E00AD3647 /* MiningPlaceView.swift */; };
		FAC3769628891A6C00AD3647 /* ItemPercentage.swift in Sources */ = {isa = PBXBuildFile; fileRef = FAC3769528891A6C00AD3647 /* ItemPercentage.swift */; };
		FAC3769828891B5500AD3647 /* ItemPercentageView.swift in Sources */ = {isa = PBXBuildFile; fileRef = FAC3769728891B5500AD3647 /* ItemPercentageView.swift */; };
		FAC3769A28892DFE00AD3647 /* SkillStore.swift in Sources */ = {isa = PBXBuildFile; fileRef = FAC3769928892DFE00AD3647 /* SkillStore.swift */; };
		FAC3769D2889665700AD3647 /* Skill.swift in Sources */ = {isa = PBXBuildFile; fileRef = FAC3769C2889665700AD3647 /* Skill.swift */; };
		FAC3769F2889666200AD3647 /* SkillExperience.swift in Sources */ = {isa = PBXBuildFile; fileRef = FAC3769E2889666200AD3647 /* SkillExperience.swift */; };
		FAC376A2288976D300AD3647 /* SkillStoreTests.swift in Sources */ = {isa = PBXBuildFile; fileRef = FAC376A1288976D300AD3647 /* SkillStoreTests.swift */; };
		FAC376A4288A15D200AD3647 /* POperation.swift in Sources */ = {isa = PBXBuildFile; fileRef = FAC376A3288A15D200AD3647 /* POperation.swift */; };
		FAC376A7288A16B500AD3647 /* MiningOperation.swift in Sources */ = {isa = PBXBuildFile; fileRef = FAC376A6288A16B500AD3647 /* MiningOperation.swift */; };
		FAC376A9288A1EE000AD3647 /* ExperienceView.swift in Sources */ = {isa = PBXBuildFile; fileRef = FAC376A8288A1EE000AD3647 /* ExperienceView.swift */; };
		FAC376AB288A259100AD3647 /* MarketingActivity.swift in Sources */ = {isa = PBXBuildFile; fileRef = FAC376AA288A259100AD3647 /* MarketingActivity.swift */; };
		FAC376AD288A274700AD3647 /* SmithingActivity.swift in Sources */ = {isa = PBXBuildFile; fileRef = FAC376AC288A274700AD3647 /* SmithingActivity.swift */; };
		FAC376AF288A2BE700AD3647 /* ActivityStatsView.swift in Sources */ = {isa = PBXBuildFile; fileRef = FAC376AE288A2BE700AD3647 /* ActivityStatsView.swift */; };
		FAC376B1288A2C6100AD3647 /* PercentageOutputView.swift in Sources */ = {isa = PBXBuildFile; fileRef = FAC376B0288A2C6100AD3647 /* PercentageOutputView.swift */; };
		FAC376B3288A2CD200AD3647 /* SmithingActivityView.swift in Sources */ = {isa = PBXBuildFile; fileRef = FAC376B2288A2CD200AD3647 /* SmithingActivityView.swift */; };
		FAC376B5288A390700AD3647 /* SmithingActivityRowView.swift in Sources */ = {isa = PBXBuildFile; fileRef = FAC376B4288A390700AD3647 /* SmithingActivityRowView.swift */; };
		FAC376B8288A4E8400AD3647 /* XPLevelCalculation.swift in Sources */ = {isa = PBXBuildFile; fileRef = FAC376B7288A4E8400AD3647 /* XPLevelCalculation.swift */; };
		FAC376BB288A4EFE00AD3647 /* XPLevelCalculationTests.swift in Sources */ = {isa = PBXBuildFile; fileRef = FAC376BA288A4EFE00AD3647 /* XPLevelCalculationTests.swift */; };
		FAC376BE288B42C800AD3647 /* SkillProgressView.swift in Sources */ = {isa = PBXBuildFile; fileRef = FAC376BD288B42C800AD3647 /* SkillProgressView.swift */; };
		FAC376C1288B82CD00AD3647 /* LinearProgressView.swift in Sources */ = {isa = PBXBuildFile; fileRef = FAC376C0288B82CD00AD3647 /* LinearProgressView.swift */; };
		FAC376C5288BE6F700AD3647 /* ToastView.swift in Sources */ = {isa = PBXBuildFile; fileRef = FAC376C4288BE6F700AD3647 /* ToastView.swift */; };
		FAC376C8288BECDD00AD3647 /* ToastPresentationView.swift in Sources */ = {isa = PBXBuildFile; fileRef = FAC376C7288BECDD00AD3647 /* ToastPresentationView.swift */; };
		FAC376CA288BECF600AD3647 /* ToastPresentationService.swift in Sources */ = {isa = PBXBuildFile; fileRef = FAC376C9288BECF600AD3647 /* ToastPresentationService.swift */; };
		FAC376CC288D38D900AD3647 /* Palette.swift in Sources */ = {isa = PBXBuildFile; fileRef = FAC376CB288D38D900AD3647 /* Palette.swift */; };
/* End PBXBuildFile section */

/* Begin PBXContainerItemProxy section */
		FAC376622887F2F300AD3647 /* PBXContainerItemProxy */ = {
			isa = PBXContainerItemProxy;
			containerPortal = FAC375D22883888F00AD3647 /* Project object */;
			proxyType = 1;
			remoteGlobalIDString = FAC375D92883888F00AD3647;
			remoteInfo = Companies;
		};
/* End PBXContainerItemProxy section */

/* Begin PBXFileReference section */
		FAC375DA2883888F00AD3647 /* Companies.app */ = {isa = PBXFileReference; explicitFileType = wrapper.application; includeInIndex = 0; path = Companies.app; sourceTree = BUILT_PRODUCTS_DIR; };
		FAC375EC2883890200AD3647 /* ASKCore */ = {isa = PBXFileReference; lastKnownFileType = wrapper; path = ASKCore; sourceTree = "<group>"; };
		FAC375ED2883890200AD3647 /* ASSwiftUI */ = {isa = PBXFileReference; lastKnownFileType = wrapper; path = ASSwiftUI; sourceTree = "<group>"; };
		FAC375F22883943100AD3647 /* ContentView.swift */ = {isa = PBXFileReference; fileEncoding = 4; lastKnownFileType = sourcecode.swift; path = ContentView.swift; sourceTree = "<group>"; };
		FAC375F32883943100AD3647 /* CompaniesApp.swift */ = {isa = PBXFileReference; fileEncoding = 4; lastKnownFileType = sourcecode.swift; path = CompaniesApp.swift; sourceTree = "<group>"; };
		FAC375F62883943100AD3647 /* Assets.xcassets */ = {isa = PBXFileReference; lastKnownFileType = folder.assetcatalog; path = Assets.xcassets; sourceTree = "<group>"; };
		FAC375F82883943100AD3647 /* Preview Assets.xcassets */ = {isa = PBXFileReference; lastKnownFileType = folder.assetcatalog; path = "Preview Assets.xcassets"; sourceTree = "<group>"; };
		FAC375FF2883947700AD3647 /* IOC.swift */ = {isa = PBXFileReference; lastKnownFileType = sourcecode.swift; path = IOC.swift; sourceTree = "<group>"; };
		FAC3760728839F9B00AD3647 /* MiningView.swift */ = {isa = PBXFileReference; lastKnownFileType = sourcecode.swift; path = MiningView.swift; sourceTree = "<group>"; };
		FAC3760928839FA100AD3647 /* MiningViewModel.swift */ = {isa = PBXFileReference; lastKnownFileType = sourcecode.swift; path = MiningViewModel.swift; sourceTree = "<group>"; };
		FAC3760E2883C8B500AD3647 /* OperationService.swift */ = {isa = PBXFileReference; lastKnownFileType = sourcecode.swift; path = OperationService.swift; sourceTree = "<group>"; };
		FAC376152883CB8000AD3647 /* Operation.swift */ = {isa = PBXFileReference; fileEncoding = 4; lastKnownFileType = sourcecode.swift; path = Operation.swift; sourceTree = "<group>"; };
		FAC376172883CB8700AD3647 /* OperationProgress.swift */ = {isa = PBXFileReference; lastKnownFileType = sourcecode.swift; path = OperationProgress.swift; sourceTree = "<group>"; };
		FAC3761C2883DEC400AD3647 /* DurationView.swift */ = {isa = PBXFileReference; lastKnownFileType = sourcecode.swift; path = DurationView.swift; sourceTree = "<group>"; };
		FAC3761E2883E3AA00AD3647 /* OperationProgressView.swift */ = {isa = PBXFileReference; lastKnownFileType = sourcecode.swift; path = OperationProgressView.swift; sourceTree = "<group>"; };
		FAC376222883F4B700AD3647 /* TaskTiming.swift */ = {isa = PBXFileReference; lastKnownFileType = sourcecode.swift; path = TaskTiming.swift; sourceTree = "<group>"; };
		FAC3762528840B4C00AD3647 /* InventoryStore.swift */ = {isa = PBXFileReference; lastKnownFileType = sourcecode.swift; path = InventoryStore.swift; sourceTree = "<group>"; };
		FAC3762828840BC000AD3647 /* ItemType.swift */ = {isa = PBXFileReference; lastKnownFileType = sourcecode.swift; path = ItemType.swift; sourceTree = "<group>"; };
		FAC3762A28840F6C00AD3647 /* MiningService.swift */ = {isa = PBXFileReference; lastKnownFileType = sourcecode.swift; path = MiningService.swift; sourceTree = "<group>"; };
		FAC3762D2884227200AD3647 /* InventoryView.swift */ = {isa = PBXFileReference; lastKnownFileType = sourcecode.swift; path = InventoryView.swift; sourceTree = "<group>"; };
		FAC3762F2884227B00AD3647 /* InventoryViewModel.swift */ = {isa = PBXFileReference; lastKnownFileType = sourcecode.swift; path = InventoryViewModel.swift; sourceTree = "<group>"; };
		FAC37631288424C600AD3647 /* ItemCount.swift */ = {isa = PBXFileReference; lastKnownFileType = sourcecode.swift; path = ItemCount.swift; sourceTree = "<group>"; };
		FAC37633288428D600AD3647 /* ItemIconView.swift */ = {isa = PBXFileReference; lastKnownFileType = sourcecode.swift; path = ItemIconView.swift; sourceTree = "<group>"; };
		FAC376362884B43900AD3647 /* OperationListView.swift */ = {isa = PBXFileReference; lastKnownFileType = sourcecode.swift; path = OperationListView.swift; sourceTree = "<group>"; };
		FAC376382884B44C00AD3647 /* OperationListViewModel.swift */ = {isa = PBXFileReference; lastKnownFileType = sourcecode.swift; path = OperationListViewModel.swift; sourceTree = "<group>"; };
		FAC3763B288547C100AD3647 /* fontello.ttf */ = {isa = PBXFileReference; lastKnownFileType = file; path = fontello.ttf; sourceTree = "<group>"; };
		FAC3763E28854B6F00AD3647 /* Fonts.swift */ = {isa = PBXFileReference; fileEncoding = 4; lastKnownFileType = sourcecode.swift; path = Fonts.swift; sourceTree = "<group>"; };
		FAC376402885504600AD3647 /* Color+Theme.swift */ = {isa = PBXFileReference; lastKnownFileType = sourcecode.swift; path = "Color+Theme.swift"; sourceTree = "<group>"; };
		FAC3764628868C6400AD3647 /* Icons.xcassets */ = {isa = PBXFileReference; lastKnownFileType = folder.assetcatalog; path = Icons.xcassets; sourceTree = "<group>"; };
		FAC3764A2886915B00AD3647 /* ThemeIcon.swift */ = {isa = PBXFileReference; fileEncoding = 4; lastKnownFileType = sourcecode.swift; path = ThemeIcon.swift; sourceTree = "<group>"; };
		FAC3764D2887EAD800AD3647 /* SmithingView.swift */ = {isa = PBXFileReference; lastKnownFileType = sourcecode.swift; path = SmithingView.swift; sourceTree = "<group>"; };
		FAC3764F2887EAE400AD3647 /* SmithingViewModel.swift */ = {isa = PBXFileReference; lastKnownFileType = sourcecode.swift; path = SmithingViewModel.swift; sourceTree = "<group>"; };
		FAC376512887ECC400AD3647 /* ItemRecipe.swift */ = {isa = PBXFileReference; lastKnownFileType = sourcecode.swift; path = ItemRecipe.swift; sourceTree = "<group>"; };
		FAC376532887EE9800AD3647 /* ItemRecipeOperation.swift */ = {isa = PBXFileReference; lastKnownFileType = sourcecode.swift; path = ItemRecipeOperation.swift; sourceTree = "<group>"; };
		FAC376552887F04100AD3647 /* SmithingService.swift */ = {isa = PBXFileReference; lastKnownFileType = sourcecode.swift; path = SmithingService.swift; sourceTree = "<group>"; };
		FAC376582887F07100AD3647 /* RecipeService.swift */ = {isa = PBXFileReference; lastKnownFileType = sourcecode.swift; path = RecipeService.swift; sourceTree = "<group>"; };
		FAC3765E2887F2F300AD3647 /* CompaniesTests.xctest */ = {isa = PBXFileReference; explicitFileType = wrapper.cfbundle; includeInIndex = 0; path = CompaniesTests.xctest; sourceTree = BUILT_PRODUCTS_DIR; };
		FAC3766A2887F32600AD3647 /* RecipeServiceTests.swift */ = {isa = PBXFileReference; lastKnownFileType = sourcecode.swift; path = RecipeServiceTests.swift; sourceTree = "<group>"; };
		FAC3766C288800CB00AD3647 /* SmithingServiceTests.swift */ = {isa = PBXFileReference; lastKnownFileType = sourcecode.swift; path = SmithingServiceTests.swift; sourceTree = "<group>"; };
		FAC3766E288807E500AD3647 /* RecipeView.swift */ = {isa = PBXFileReference; lastKnownFileType = sourcecode.swift; path = RecipeView.swift; sourceTree = "<group>"; };
		FAC3767028880D0400AD3647 /* RecipeDetailView.swift */ = {isa = PBXFileReference; lastKnownFileType = sourcecode.swift; path = RecipeDetailView.swift; sourceTree = "<group>"; };
		FAC3767228880FB900AD3647 /* ItemCountView.swift */ = {isa = PBXFileReference; lastKnownFileType = sourcecode.swift; path = ItemCountView.swift; sourceTree = "<group>"; };
		FAC37675288827D500AD3647 /* PKeyValueStore.swift */ = {isa = PBXFileReference; lastKnownFileType = sourcecode.swift; path = PKeyValueStore.swift; sourceTree = "<group>"; };
		FAC3767728882AC800AD3647 /* InMemoryDefaults.swift */ = {isa = PBXFileReference; lastKnownFileType = sourcecode.swift; path = InMemoryDefaults.swift; sourceTree = "<group>"; };
		FAC376792888985900AD3647 /* TimeProvider.swift */ = {isa = PBXFileReference; lastKnownFileType = sourcecode.swift; path = TimeProvider.swift; sourceTree = "<group>"; };
		FAC3767B2888A58F00AD3647 /* DebugTimeProvider.swift */ = {isa = PBXFileReference; lastKnownFileType = sourcecode.swift; path = DebugTimeProvider.swift; sourceTree = "<group>"; };
		FAC3767D2888A80B00AD3647 /* MarketingService.swift */ = {isa = PBXFileReference; lastKnownFileType = sourcecode.swift; path = MarketingService.swift; sourceTree = "<group>"; };
		FAC376842888AA2000AD3647 /* MarketingView.swift */ = {isa = PBXFileReference; lastKnownFileType = sourcecode.swift; path = MarketingView.swift; sourceTree = "<group>"; };
		FAC376862888AA2700AD3647 /* MarketingViewModel.swift */ = {isa = PBXFileReference; lastKnownFileType = sourcecode.swift; path = MarketingViewModel.swift; sourceTree = "<group>"; };
		FAC3768A2888AC7200AD3647 /* AgencyMarketingTypeView.swift */ = {isa = PBXFileReference; lastKnownFileType = sourcecode.swift; path = AgencyMarketingTypeView.swift; sourceTree = "<group>"; };
		FAC3768C2888B00600AD3647 /* MarketingServiceTests.swift */ = {isa = PBXFileReference; lastKnownFileType = sourcecode.swift; path = MarketingServiceTests.swift; sourceTree = "<group>"; };
		FAC3768F2888B0A800AD3647 /* DebugView.swift */ = {isa = PBXFileReference; lastKnownFileType = sourcecode.swift; path = DebugView.swift; sourceTree = "<group>"; };
		FAC376912888B0B800AD3647 /* DebugViewModel.swift */ = {isa = PBXFileReference; lastKnownFileType = sourcecode.swift; path = DebugViewModel.swift; sourceTree = "<group>"; };
		FAC376932889195E00AD3647 /* MiningPlaceView.swift */ = {isa = PBXFileReference; lastKnownFileType = sourcecode.swift; path = MiningPlaceView.swift; sourceTree = "<group>"; };
		FAC3769528891A6C00AD3647 /* ItemPercentage.swift */ = {isa = PBXFileReference; lastKnownFileType = sourcecode.swift; path = ItemPercentage.swift; sourceTree = "<group>"; };
		FAC3769728891B5500AD3647 /* ItemPercentageView.swift */ = {isa = PBXFileReference; lastKnownFileType = sourcecode.swift; path = ItemPercentageView.swift; sourceTree = "<group>"; };
		FAC3769928892DFE00AD3647 /* SkillStore.swift */ = {isa = PBXFileReference; lastKnownFileType = sourcecode.swift; path = SkillStore.swift; sourceTree = "<group>"; };
		FAC3769C2889665700AD3647 /* Skill.swift */ = {isa = PBXFileReference; fileEncoding = 4; lastKnownFileType = sourcecode.swift; path = Skill.swift; sourceTree = "<group>"; };
		FAC3769E2889666200AD3647 /* SkillExperience.swift */ = {isa = PBXFileReference; lastKnownFileType = sourcecode.swift; path = SkillExperience.swift; sourceTree = "<group>"; };
		FAC376A1288976D300AD3647 /* SkillStoreTests.swift */ = {isa = PBXFileReference; lastKnownFileType = sourcecode.swift; path = SkillStoreTests.swift; sourceTree = "<group>"; };
		FAC376A3288A15D200AD3647 /* POperation.swift */ = {isa = PBXFileReference; lastKnownFileType = sourcecode.swift; path = POperation.swift; sourceTree = "<group>"; };
		FAC376A6288A16B500AD3647 /* MiningOperation.swift */ = {isa = PBXFileReference; lastKnownFileType = sourcecode.swift; path = MiningOperation.swift; sourceTree = "<group>"; };
		FAC376A8288A1EE000AD3647 /* ExperienceView.swift */ = {isa = PBXFileReference; lastKnownFileType = sourcecode.swift; path = ExperienceView.swift; sourceTree = "<group>"; };
		FAC376AA288A259100AD3647 /* MarketingActivity.swift */ = {isa = PBXFileReference; fileEncoding = 4; lastKnownFileType = sourcecode.swift; path = MarketingActivity.swift; sourceTree = "<group>"; };
		FAC376AC288A274700AD3647 /* SmithingActivity.swift */ = {isa = PBXFileReference; lastKnownFileType = sourcecode.swift; path = SmithingActivity.swift; sourceTree = "<group>"; };
		FAC376AE288A2BE700AD3647 /* ActivityStatsView.swift */ = {isa = PBXFileReference; lastKnownFileType = sourcecode.swift; path = ActivityStatsView.swift; sourceTree = "<group>"; };
		FAC376B0288A2C6100AD3647 /* PercentageOutputView.swift */ = {isa = PBXFileReference; lastKnownFileType = sourcecode.swift; path = PercentageOutputView.swift; sourceTree = "<group>"; };
		FAC376B2288A2CD200AD3647 /* SmithingActivityView.swift */ = {isa = PBXFileReference; lastKnownFileType = sourcecode.swift; path = SmithingActivityView.swift; sourceTree = "<group>"; };
		FAC376B4288A390700AD3647 /* SmithingActivityRowView.swift */ = {isa = PBXFileReference; lastKnownFileType = sourcecode.swift; path = SmithingActivityRowView.swift; sourceTree = "<group>"; };
		FAC376B7288A4E8400AD3647 /* XPLevelCalculation.swift */ = {isa = PBXFileReference; lastKnownFileType = sourcecode.swift; path = XPLevelCalculation.swift; sourceTree = "<group>"; };
		FAC376BA288A4EFE00AD3647 /* XPLevelCalculationTests.swift */ = {isa = PBXFileReference; lastKnownFileType = sourcecode.swift; path = XPLevelCalculationTests.swift; sourceTree = "<group>"; };
		FAC376BD288B42C800AD3647 /* SkillProgressView.swift */ = {isa = PBXFileReference; lastKnownFileType = sourcecode.swift; path = SkillProgressView.swift; sourceTree = "<group>"; };
		FAC376C0288B82CD00AD3647 /* LinearProgressView.swift */ = {isa = PBXFileReference; lastKnownFileType = sourcecode.swift; path = LinearProgressView.swift; sourceTree = "<group>"; };
		FAC376C4288BE6F700AD3647 /* ToastView.swift */ = {isa = PBXFileReference; lastKnownFileType = sourcecode.swift; path = ToastView.swift; sourceTree = "<group>"; };
		FAC376C7288BECDD00AD3647 /* ToastPresentationView.swift */ = {isa = PBXFileReference; lastKnownFileType = sourcecode.swift; path = ToastPresentationView.swift; sourceTree = "<group>"; };
		FAC376C9288BECF600AD3647 /* ToastPresentationService.swift */ = {isa = PBXFileReference; lastKnownFileType = sourcecode.swift; path = ToastPresentationService.swift; sourceTree = "<group>"; };
		FAC376CB288D38D900AD3647 /* Palette.swift */ = {isa = PBXFileReference; lastKnownFileType = sourcecode.swift; path = Palette.swift; sourceTree = "<group>"; };
/* End PBXFileReference section */

/* Begin PBXFrameworksBuildPhase section */
		FAC375D72883888F00AD3647 /* Frameworks */ = {
			isa = PBXFrameworksBuildPhase;
			buildActionMask = 2147483647;
			files = (
				FAC37604288394A600AD3647 /* ASSwiftUI in Frameworks */,
				FAC37602288394A600AD3647 /* ASKCore in Frameworks */,
			);
			runOnlyForDeploymentPostprocessing = 0;
		};
		FAC3765B2887F2F300AD3647 /* Frameworks */ = {
			isa = PBXFrameworksBuildPhase;
			buildActionMask = 2147483647;
			files = (
			);
			runOnlyForDeploymentPostprocessing = 0;
		};
/* End PBXFrameworksBuildPhase section */

/* Begin PBXGroup section */
		FAC375D12883888F00AD3647 = {
			isa = PBXGroup;
			children = (
				FAC375EB2883890200AD3647 /* Frameworks */,
				FAC375DC2883888F00AD3647 /* Companies */,
				FAC3765F2887F2F300AD3647 /* CompaniesTests */,
				FAC375DB2883888F00AD3647 /* Products */,
			);
			sourceTree = "<group>";
		};
		FAC375DB2883888F00AD3647 /* Products */ = {
			isa = PBXGroup;
			children = (
				FAC375DA2883888F00AD3647 /* Companies.app */,
				FAC3765E2887F2F300AD3647 /* CompaniesTests.xctest */,
			);
			name = Products;
			sourceTree = "<group>";
		};
		FAC375DC2883888F00AD3647 /* Companies */ = {
			isa = PBXGroup;
			children = (
				FAC376B6288A4E7D00AD3647 /* Calculations */,
				FAC375F42883943100AD3647 /* Model */,
				FAC375F52883943100AD3647 /* Resource */,
				FAC375F02883943100AD3647 /* Scene */,
				FAC375F92883943100AD3647 /* Service */,
				FAC3763D28854B6F00AD3647 /* Theme */,
			);
			path = Companies;
			sourceTree = "<group>";
		};
		FAC375EB2883890200AD3647 /* Frameworks */ = {
			isa = PBXGroup;
			children = (
				FAC375EC2883890200AD3647 /* ASKCore */,
				FAC375ED2883890200AD3647 /* ASSwiftUI */,
			);
			path = Frameworks;
			sourceTree = "<group>";
		};
		FAC375F02883943100AD3647 /* Scene */ = {
			isa = PBXGroup;
			children = (
				FAC375F12883943100AD3647 /* App */,
				FAC3762C2884226200AD3647 /* Inventory */,
				FAC3760528839EFF00AD3647 /* Operations */,
				FAC376BC288B42B600AD3647 /* Skill */,
				FAC376C6288BECCE00AD3647 /* Toast */,
			);
			path = Scene;
			sourceTree = "<group>";
		};
		FAC375F12883943100AD3647 /* App */ = {
			isa = PBXGroup;
			children = (
				FAC3768E2888B0A300AD3647 /* Debug */,
				FAC375F22883943100AD3647 /* ContentView.swift */,
				FAC375F32883943100AD3647 /* CompaniesApp.swift */,
			);
			path = App;
			sourceTree = "<group>";
		};
		FAC375F42883943100AD3647 /* Model */ = {
			isa = PBXGroup;
			children = (
				FAC3762728840BB600AD3647 /* Item */,
				FAC376142883CB8000AD3647 /* Operation */,
				FAC3769B2889665700AD3647 /* Skill */,
				FAC376A5288A16A900AD3647 /* SkillOperations */,
			);
			path = Model;
			sourceTree = "<group>";
		};
		FAC375F52883943100AD3647 /* Resource */ = {
			isa = PBXGroup;
			children = (
				FAC375F62883943100AD3647 /* Assets.xcassets */,
				FAC3764628868C6400AD3647 /* Icons.xcassets */,
				FAC3763A288547C100AD3647 /* Fonts */,
				FAC375F72883943100AD3647 /* Preview Content */,
			);
			path = Resource;
			sourceTree = "<group>";
		};
		FAC375F72883943100AD3647 /* Preview Content */ = {
			isa = PBXGroup;
			children = (
				FAC375F82883943100AD3647 /* Preview Assets.xcassets */,
			);
			path = "Preview Content";
			sourceTree = "<group>";
		};
		FAC375F92883943100AD3647 /* Service */ = {
			isa = PBXGroup;
			children = (
				FAC376742888278800AD3647 /* Persistence */,
				FAC3762428840B3D00AD3647 /* Inventory */,
				FAC375FE2883945A00AD3647 /* App */,
				FAC3760D2883C8AC00AD3647 /* Operation */,
				FAC376572887F06C00AD3647 /* Recipe */,
			);
			path = Service;
			sourceTree = "<group>";
		};
		FAC375FE2883945A00AD3647 /* App */ = {
			isa = PBXGroup;
			children = (
				FAC375FF2883947700AD3647 /* IOC.swift */,
				FAC376792888985900AD3647 /* TimeProvider.swift */,
				FAC3767B2888A58F00AD3647 /* DebugTimeProvider.swift */,
			);
			path = App;
			sourceTree = "<group>";
		};
		FAC3760528839EFF00AD3647 /* Operations */ = {
			isa = PBXGroup;
			children = (
				FAC3761B2883DEBE00AD3647 /* Generic */,
				FAC376832888AA0A00AD3647 /* Marketing */,
				FAC3764C2887EACC00AD3647 /* Smithing */,
				FAC376352884B42F00AD3647 /* List */,
				FAC3760628839EFF00AD3647 /* Mining */,
			);
			path = Operations;
			sourceTree = "<group>";
		};
		FAC3760628839EFF00AD3647 /* Mining */ = {
			isa = PBXGroup;
			children = (
				FAC3760728839F9B00AD3647 /* MiningView.swift */,
				FAC3760928839FA100AD3647 /* MiningViewModel.swift */,
				FAC376932889195E00AD3647 /* MiningPlaceView.swift */,
			);
			path = Mining;
			sourceTree = "<group>";
		};
		FAC3760D2883C8AC00AD3647 /* Operation */ = {
			isa = PBXGroup;
			children = (
				FAC3760E2883C8B500AD3647 /* OperationService.swift */,
				FAC3762A28840F6C00AD3647 /* MiningService.swift */,
				FAC376552887F04100AD3647 /* SmithingService.swift */,
				FAC3767D2888A80B00AD3647 /* MarketingService.swift */,
			);
			path = Operation;
			sourceTree = "<group>";
		};
		FAC376142883CB8000AD3647 /* Operation */ = {
			isa = PBXGroup;
			children = (
				FAC376152883CB8000AD3647 /* Operation.swift */,
				FAC376172883CB8700AD3647 /* OperationProgress.swift */,
				FAC376222883F4B700AD3647 /* TaskTiming.swift */,
				FAC376A3288A15D200AD3647 /* POperation.swift */,
			);
			path = Operation;
			sourceTree = "<group>";
		};
		FAC3761B2883DEBE00AD3647 /* Generic */ = {
			isa = PBXGroup;
			children = (
				FAC3761C2883DEC400AD3647 /* DurationView.swift */,
				FAC376A8288A1EE000AD3647 /* ExperienceView.swift */,
				FAC3761E2883E3AA00AD3647 /* OperationProgressView.swift */,
				FAC3766E288807E500AD3647 /* RecipeView.swift */,
				FAC3767028880D0400AD3647 /* RecipeDetailView.swift */,
				FAC376AE288A2BE700AD3647 /* ActivityStatsView.swift */,
				FAC376B0288A2C6100AD3647 /* PercentageOutputView.swift */,
			);
			path = Generic;
			sourceTree = "<group>";
		};
		FAC3762428840B3D00AD3647 /* Inventory */ = {
			isa = PBXGroup;
			children = (
				FAC3762528840B4C00AD3647 /* InventoryStore.swift */,
				FAC3769928892DFE00AD3647 /* SkillStore.swift */,
			);
			path = Inventory;
			sourceTree = "<group>";
		};
		FAC3762728840BB600AD3647 /* Item */ = {
			isa = PBXGroup;
			children = (
				FAC3762828840BC000AD3647 /* ItemType.swift */,
				FAC37631288424C600AD3647 /* ItemCount.swift */,
				FAC376512887ECC400AD3647 /* ItemRecipe.swift */,
				FAC376532887EE9800AD3647 /* ItemRecipeOperation.swift */,
				FAC3769528891A6C00AD3647 /* ItemPercentage.swift */,
			);
			path = Item;
			sourceTree = "<group>";
		};
		FAC3762C2884226200AD3647 /* Inventory */ = {
			isa = PBXGroup;
			children = (
				FAC3762D2884227200AD3647 /* InventoryView.swift */,
				FAC3762F2884227B00AD3647 /* InventoryViewModel.swift */,
				FAC37633288428D600AD3647 /* ItemIconView.swift */,
				FAC3767228880FB900AD3647 /* ItemCountView.swift */,
				FAC3769728891B5500AD3647 /* ItemPercentageView.swift */,
			);
			path = Inventory;
			sourceTree = "<group>";
		};
		FAC376352884B42F00AD3647 /* List */ = {
			isa = PBXGroup;
			children = (
				FAC376362884B43900AD3647 /* OperationListView.swift */,
				FAC376382884B44C00AD3647 /* OperationListViewModel.swift */,
			);
			path = List;
			sourceTree = "<group>";
		};
		FAC3763A288547C100AD3647 /* Fonts */ = {
			isa = PBXGroup;
			children = (
				FAC3763B288547C100AD3647 /* fontello.ttf */,
			);
			path = Fonts;
			sourceTree = "<group>";
		};
		FAC3763D28854B6F00AD3647 /* Theme */ = {
			isa = PBXGroup;
			children = (
				FAC376BF288B82C500AD3647 /* Components */,
				FAC3764A2886915B00AD3647 /* ThemeIcon.swift */,
				FAC3763E28854B6F00AD3647 /* Fonts.swift */,
				FAC376402885504600AD3647 /* Color+Theme.swift */,
				FAC376CB288D38D900AD3647 /* Palette.swift */,
			);
			path = Theme;
			sourceTree = "<group>";
		};
		FAC3764C2887EACC00AD3647 /* Smithing */ = {
			isa = PBXGroup;
			children = (
				FAC3764D2887EAD800AD3647 /* SmithingView.swift */,
				FAC3764F2887EAE400AD3647 /* SmithingViewModel.swift */,
				FAC376B2288A2CD200AD3647 /* SmithingActivityView.swift */,
				FAC376B4288A390700AD3647 /* SmithingActivityRowView.swift */,
			);
			path = Smithing;
			sourceTree = "<group>";
		};
		FAC376572887F06C00AD3647 /* Recipe */ = {
			isa = PBXGroup;
			children = (
				FAC376582887F07100AD3647 /* RecipeService.swift */,
			);
			path = Recipe;
			sourceTree = "<group>";
		};
		FAC3765F2887F2F300AD3647 /* CompaniesTests */ = {
			isa = PBXGroup;
			children = (
				FAC376B9288A4EEE00AD3647 /* Calculations */,
				FAC376672887F31D00AD3647 /* Service */,
			);
			path = CompaniesTests;
			sourceTree = "<group>";
		};
		FAC376672887F31D00AD3647 /* Service */ = {
			isa = PBXGroup;
			children = (
				FAC376A0288976CB00AD3647 /* Inventory */,
				FAC376682887F31D00AD3647 /* Operation */,
				FAC376692887F31D00AD3647 /* Recipe */,
			);
			path = Service;
			sourceTree = "<group>";
		};
		FAC376682887F31D00AD3647 /* Operation */ = {
			isa = PBXGroup;
			children = (
				FAC3766C288800CB00AD3647 /* SmithingServiceTests.swift */,
				FAC3768C2888B00600AD3647 /* MarketingServiceTests.swift */,
			);
			path = Operation;
			sourceTree = "<group>";
		};
		FAC376692887F31D00AD3647 /* Recipe */ = {
			isa = PBXGroup;
			children = (
				FAC3766A2887F32600AD3647 /* RecipeServiceTests.swift */,
			);
			path = Recipe;
			sourceTree = "<group>";
		};
		FAC376742888278800AD3647 /* Persistence */ = {
			isa = PBXGroup;
			children = (
				FAC37675288827D500AD3647 /* PKeyValueStore.swift */,
				FAC3767728882AC800AD3647 /* InMemoryDefaults.swift */,
			);
			path = Persistence;
			sourceTree = "<group>";
		};
		FAC376832888AA0A00AD3647 /* Marketing */ = {
			isa = PBXGroup;
			children = (
				FAC376842888AA2000AD3647 /* MarketingView.swift */,
				FAC376862888AA2700AD3647 /* MarketingViewModel.swift */,
				FAC3768A2888AC7200AD3647 /* AgencyMarketingTypeView.swift */,
			);
			path = Marketing;
			sourceTree = "<group>";
		};
		FAC3768E2888B0A300AD3647 /* Debug */ = {
			isa = PBXGroup;
			children = (
				FAC3768F2888B0A800AD3647 /* DebugView.swift */,
				FAC376912888B0B800AD3647 /* DebugViewModel.swift */,
			);
			path = Debug;
			sourceTree = "<group>";
		};
		FAC3769B2889665700AD3647 /* Skill */ = {
			isa = PBXGroup;
			children = (
				FAC3769C2889665700AD3647 /* Skill.swift */,
				FAC3769E2889666200AD3647 /* SkillExperience.swift */,
			);
			path = Skill;
			sourceTree = "<group>";
		};
		FAC376A0288976CB00AD3647 /* Inventory */ = {
			isa = PBXGroup;
			children = (
				FAC376A1288976D300AD3647 /* SkillStoreTests.swift */,
			);
			path = Inventory;
			sourceTree = "<group>";
		};
		FAC376A5288A16A900AD3647 /* SkillOperations */ = {
			isa = PBXGroup;
			children = (
				FAC376AA288A259100AD3647 /* MarketingActivity.swift */,
				FAC376A6288A16B500AD3647 /* MiningOperation.swift */,
				FAC376AC288A274700AD3647 /* SmithingActivity.swift */,
			);
			path = SkillOperations;
			sourceTree = "<group>";
		};
		FAC376B6288A4E7D00AD3647 /* Calculations */ = {
			isa = PBXGroup;
			children = (
				FAC376B7288A4E8400AD3647 /* XPLevelCalculation.swift */,
			);
			path = Calculations;
			sourceTree = "<group>";
		};
		FAC376B9288A4EEE00AD3647 /* Calculations */ = {
			isa = PBXGroup;
			children = (
				FAC376BA288A4EFE00AD3647 /* XPLevelCalculationTests.swift */,
			);
			path = Calculations;
			sourceTree = "<group>";
		};
		FAC376BC288B42B600AD3647 /* Skill */ = {
			isa = PBXGroup;
			children = (
				FAC376BD288B42C800AD3647 /* SkillProgressView.swift */,
			);
			path = Skill;
			sourceTree = "<group>";
		};
		FAC376BF288B82C500AD3647 /* Components */ = {
			isa = PBXGroup;
			children = (
				FAC376C0288B82CD00AD3647 /* LinearProgressView.swift */,
				FAC376C4288BE6F700AD3647 /* ToastView.swift */,
			);
			path = Components;
			sourceTree = "<group>";
		};
		FAC376C6288BECCE00AD3647 /* Toast */ = {
			isa = PBXGroup;
			children = (
				FAC376C7288BECDD00AD3647 /* ToastPresentationView.swift */,
				FAC376C9288BECF600AD3647 /* ToastPresentationService.swift */,
			);
			path = Toast;
			sourceTree = "<group>";
		};
/* End PBXGroup section */

/* Begin PBXNativeTarget section */
		FAC375D92883888F00AD3647 /* Companies */ = {
			isa = PBXNativeTarget;
			buildConfigurationList = FAC375E82883889000AD3647 /* Build configuration list for PBXNativeTarget "Companies" */;
			buildPhases = (
				FAC375D62883888F00AD3647 /* Sources */,
				FAC375D72883888F00AD3647 /* Frameworks */,
				FAC375D82883888F00AD3647 /* Resources */,
			);
			buildRules = (
			);
			dependencies = (
			);
			name = Companies;
			packageProductDependencies = (
				FAC37601288394A600AD3647 /* ASKCore */,
				FAC37603288394A600AD3647 /* ASSwiftUI */,
			);
			productName = Companies;
			productReference = FAC375DA2883888F00AD3647 /* Companies.app */;
			productType = "com.apple.product-type.application";
		};
		FAC3765D2887F2F300AD3647 /* CompaniesTests */ = {
			isa = PBXNativeTarget;
			buildConfigurationList = FAC376642887F2F300AD3647 /* Build configuration list for PBXNativeTarget "CompaniesTests" */;
			buildPhases = (
				FAC3765A2887F2F300AD3647 /* Sources */,
				FAC3765B2887F2F300AD3647 /* Frameworks */,
				FAC3765C2887F2F300AD3647 /* Resources */,
			);
			buildRules = (
			);
			dependencies = (
				FAC376632887F2F300AD3647 /* PBXTargetDependency */,
			);
			name = CompaniesTests;
			productName = CompaniesTests;
			productReference = FAC3765E2887F2F300AD3647 /* CompaniesTests.xctest */;
			productType = "com.apple.product-type.bundle.unit-test";
		};
/* End PBXNativeTarget section */

/* Begin PBXProject section */
		FAC375D22883888F00AD3647 /* Project object */ = {
			isa = PBXProject;
			attributes = {
				BuildIndependentTargetsInParallel = 1;
				LastSwiftUpdateCheck = 1340;
				LastUpgradeCheck = 1340;
				TargetAttributes = {
					FAC375D92883888F00AD3647 = {
						CreatedOnToolsVersion = 13.4.1;
					};
					FAC3765D2887F2F300AD3647 = {
						CreatedOnToolsVersion = 13.4.1;
						TestTargetID = FAC375D92883888F00AD3647;
					};
				};
			};
			buildConfigurationList = FAC375D52883888F00AD3647 /* Build configuration list for PBXProject "Companies" */;
			compatibilityVersion = "Xcode 13.0";
			developmentRegion = en;
			hasScannedForEncodings = 0;
			knownRegions = (
				en,
				Base,
			);
			mainGroup = FAC375D12883888F00AD3647;
			productRefGroup = FAC375DB2883888F00AD3647 /* Products */;
			projectDirPath = "";
			projectRoot = "";
			targets = (
				FAC375D92883888F00AD3647 /* Companies */,
				FAC3765D2887F2F300AD3647 /* CompaniesTests */,
			);
		};
/* End PBXProject section */

/* Begin PBXResourcesBuildPhase section */
		FAC375D82883888F00AD3647 /* Resources */ = {
			isa = PBXResourcesBuildPhase;
			buildActionMask = 2147483647;
			files = (
				FAC375FD2883943100AD3647 /* Preview Assets.xcassets in Resources */,
				FAC375EF2883890200AD3647 /* ASSwiftUI in Resources */,
				FAC375FC2883943100AD3647 /* Assets.xcassets in Resources */,
				FAC3763C288547C100AD3647 /* fontello.ttf in Resources */,
				FAC3764728868C6400AD3647 /* Icons.xcassets in Resources */,
				FAC375EE2883890200AD3647 /* ASKCore in Resources */,
			);
			runOnlyForDeploymentPostprocessing = 0;
		};
		FAC3765C2887F2F300AD3647 /* Resources */ = {
			isa = PBXResourcesBuildPhase;
			buildActionMask = 2147483647;
			files = (
			);
			runOnlyForDeploymentPostprocessing = 0;
		};
/* End PBXResourcesBuildPhase section */

/* Begin PBXSourcesBuildPhase section */
		FAC375D62883888F00AD3647 /* Sources */ = {
			isa = PBXSourcesBuildPhase;
			buildActionMask = 2147483647;
			files = (
				FAC3760828839F9B00AD3647 /* MiningView.swift in Sources */,
				FAC376AF288A2BE700AD3647 /* ActivityStatsView.swift in Sources */,
				FAC376A7288A16B500AD3647 /* MiningOperation.swift in Sources */,
				FAC376232883F4B700AD3647 /* TaskTiming.swift in Sources */,
				FAC376A4288A15D200AD3647 /* POperation.swift in Sources */,
				FAC3762E2884227200AD3647 /* InventoryView.swift in Sources */,
				FAC376C1288B82CD00AD3647 /* LinearProgressView.swift in Sources */,
				FAC376C8288BECDD00AD3647 /* ToastPresentationView.swift in Sources */,
				FAC3767328880FB900AD3647 /* ItemCountView.swift in Sources */,
				FAC3769A28892DFE00AD3647 /* SkillStore.swift in Sources */,
				FAC3764B2886915B00AD3647 /* ThemeIcon.swift in Sources */,
				FAC376AB288A259100AD3647 /* MarketingActivity.swift in Sources */,
				FAC376CA288BECF600AD3647 /* ToastPresentationService.swift in Sources */,
				FAC3769628891A6C00AD3647 /* ItemPercentage.swift in Sources */,
				FAC376392884B44C00AD3647 /* OperationListViewModel.swift in Sources */,
				FAC376A9288A1EE000AD3647 /* ExperienceView.swift in Sources */,
				FAC376C5288BE6F700AD3647 /* ToastView.swift in Sources */,
				FAC3769828891B5500AD3647 /* ItemPercentageView.swift in Sources */,
				FAC376522887ECC400AD3647 /* ItemRecipe.swift in Sources */,
				FAC376372884B43900AD3647 /* OperationListView.swift in Sources */,
				FAC37676288827D500AD3647 /* PKeyValueStore.swift in Sources */,
				FAC376AD288A274700AD3647 /* SmithingActivity.swift in Sources */,
				FAC3769F2889666200AD3647 /* SkillExperience.swift in Sources */,
				FAC3762628840B4C00AD3647 /* InventoryStore.swift in Sources */,
				FAC376BE288B42C800AD3647 /* SkillProgressView.swift in Sources */,
				FAC376302884227B00AD3647 /* InventoryViewModel.swift in Sources */,
				FAC376B5288A390700AD3647 /* SmithingActivityRowView.swift in Sources */,
				FAC376542887EE9800AD3647 /* ItemRecipeOperation.swift in Sources */,
				FAC37632288424C600AD3647 /* ItemCount.swift in Sources */,
				FAC3768B2888AC7200AD3647 /* AgencyMarketingTypeView.swift in Sources */,
				FAC376922888B0B800AD3647 /* DebugViewModel.swift in Sources */,
				FAC376162883CB8000AD3647 /* Operation.swift in Sources */,
				FAC3764E2887EAD800AD3647 /* SmithingView.swift in Sources */,
				FAC376412885504600AD3647 /* Color+Theme.swift in Sources */,
				FAC3767C2888A58F00AD3647 /* DebugTimeProvider.swift in Sources */,
				FAC3767128880D0400AD3647 /* RecipeDetailView.swift in Sources */,
				FAC3761F2883E3AA00AD3647 /* OperationProgressView.swift in Sources */,
				FAC3762B28840F6C00AD3647 /* MiningService.swift in Sources */,
				FAC3760F2883C8B500AD3647 /* OperationService.swift in Sources */,
				FAC376902888B0A800AD3647 /* DebugView.swift in Sources */,
				FAC375FA2883943100AD3647 /* ContentView.swift in Sources */,
				FAC376592887F07100AD3647 /* RecipeService.swift in Sources */,
				FAC3766F288807E500AD3647 /* RecipeView.swift in Sources */,
				FAC376CC288D38D900AD3647 /* Palette.swift in Sources */,
				FAC3763F28854B6F00AD3647 /* Fonts.swift in Sources */,
				FAC3762928840BC000AD3647 /* ItemType.swift in Sources */,
				FAC376002883947700AD3647 /* IOC.swift in Sources */,
				FAC3767A2888985900AD3647 /* TimeProvider.swift in Sources */,
				FAC376B3288A2CD200AD3647 /* SmithingActivityView.swift in Sources */,
				FAC3767828882AC800AD3647 /* InMemoryDefaults.swift in Sources */,
				FAC375FB2883943100AD3647 /* CompaniesApp.swift in Sources */,
				FAC376182883CB8700AD3647 /* OperationProgress.swift in Sources */,
				FAC37634288428D600AD3647 /* ItemIconView.swift in Sources */,
				FAC376942889195E00AD3647 /* MiningPlaceView.swift in Sources */,
				FAC376502887EAE400AD3647 /* SmithingViewModel.swift in Sources */,
				FAC376852888AA2000AD3647 /* MarketingView.swift in Sources */,
				FAC3767E2888A80B00AD3647 /* MarketingService.swift in Sources */,
				FAC376872888AA2700AD3647 /* MarketingViewModel.swift in Sources */,
				FAC376B8288A4E8400AD3647 /* XPLevelCalculation.swift in Sources */,
				FAC376562887F04100AD3647 /* SmithingService.swift in Sources */,
				FAC3761D2883DEC400AD3647 /* DurationView.swift in Sources */,
				FAC3760A28839FA100AD3647 /* MiningViewModel.swift in Sources */,
				FAC376B1288A2C6100AD3647 /* PercentageOutputView.swift in Sources */,
				FAC3769D2889665700AD3647 /* Skill.swift in Sources */,
			);
			runOnlyForDeploymentPostprocessing = 0;
		};
		FAC3765A2887F2F300AD3647 /* Sources */ = {
			isa = PBXSourcesBuildPhase;
			buildActionMask = 2147483647;
			files = (
				FAC376A2288976D300AD3647 /* SkillStoreTests.swift in Sources */,
				FAC3768D2888B00600AD3647 /* MarketingServiceTests.swift in Sources */,
				FAC376BB288A4EFE00AD3647 /* XPLevelCalculationTests.swift in Sources */,
				FAC3766D288800CB00AD3647 /* SmithingServiceTests.swift in Sources */,
				FAC3766B2887F32600AD3647 /* RecipeServiceTests.swift in Sources */,
			);
			runOnlyForDeploymentPostprocessing = 0;
		};
/* End PBXSourcesBuildPhase section */

/* Begin PBXTargetDependency section */
		FAC376632887F2F300AD3647 /* PBXTargetDependency */ = {
			isa = PBXTargetDependency;
			target = FAC375D92883888F00AD3647 /* Companies */;
			targetProxy = FAC376622887F2F300AD3647 /* PBXContainerItemProxy */;
		};
/* End PBXTargetDependency section */

/* Begin XCBuildConfiguration section */
		FAC375E62883889000AD3647 /* Debug */ = {
			isa = XCBuildConfiguration;
			buildSettings = {
				ALWAYS_SEARCH_USER_PATHS = NO;
				CLANG_ANALYZER_NONNULL = YES;
				CLANG_ANALYZER_NUMBER_OBJECT_CONVERSION = YES_AGGRESSIVE;
				CLANG_CXX_LANGUAGE_STANDARD = "gnu++17";
				CLANG_ENABLE_MODULES = YES;
				CLANG_ENABLE_OBJC_ARC = YES;
				CLANG_ENABLE_OBJC_WEAK = YES;
				CLANG_WARN_BLOCK_CAPTURE_AUTORELEASING = YES;
				CLANG_WARN_BOOL_CONVERSION = YES;
				CLANG_WARN_COMMA = YES;
				CLANG_WARN_CONSTANT_CONVERSION = YES;
				CLANG_WARN_DEPRECATED_OBJC_IMPLEMENTATIONS = YES;
				CLANG_WARN_DIRECT_OBJC_ISA_USAGE = YES_ERROR;
				CLANG_WARN_DOCUMENTATION_COMMENTS = YES;
				CLANG_WARN_EMPTY_BODY = YES;
				CLANG_WARN_ENUM_CONVERSION = YES;
				CLANG_WARN_INFINITE_RECURSION = YES;
				CLANG_WARN_INT_CONVERSION = YES;
				CLANG_WARN_NON_LITERAL_NULL_CONVERSION = YES;
				CLANG_WARN_OBJC_IMPLICIT_RETAIN_SELF = YES;
				CLANG_WARN_OBJC_LITERAL_CONVERSION = YES;
				CLANG_WARN_OBJC_ROOT_CLASS = YES_ERROR;
				CLANG_WARN_QUOTED_INCLUDE_IN_FRAMEWORK_HEADER = YES;
				CLANG_WARN_RANGE_LOOP_ANALYSIS = YES;
				CLANG_WARN_STRICT_PROTOTYPES = YES;
				CLANG_WARN_SUSPICIOUS_MOVE = YES;
				CLANG_WARN_UNGUARDED_AVAILABILITY = YES_AGGRESSIVE;
				CLANG_WARN_UNREACHABLE_CODE = YES;
				CLANG_WARN__DUPLICATE_METHOD_MATCH = YES;
				COPY_PHASE_STRIP = NO;
				DEBUG_INFORMATION_FORMAT = dwarf;
				ENABLE_STRICT_OBJC_MSGSEND = YES;
				ENABLE_TESTABILITY = YES;
				GCC_C_LANGUAGE_STANDARD = gnu11;
				GCC_DYNAMIC_NO_PIC = NO;
				GCC_NO_COMMON_BLOCKS = YES;
				GCC_OPTIMIZATION_LEVEL = 0;
				GCC_PREPROCESSOR_DEFINITIONS = (
					"DEBUG=1",
					"$(inherited)",
				);
				GCC_WARN_64_TO_32_BIT_CONVERSION = YES;
				GCC_WARN_ABOUT_RETURN_TYPE = YES_ERROR;
				GCC_WARN_UNDECLARED_SELECTOR = YES;
				GCC_WARN_UNINITIALIZED_AUTOS = YES_AGGRESSIVE;
				GCC_WARN_UNUSED_FUNCTION = YES;
				GCC_WARN_UNUSED_VARIABLE = YES;
				IPHONEOS_DEPLOYMENT_TARGET = 15.5;
				MTL_ENABLE_DEBUG_INFO = INCLUDE_SOURCE;
				MTL_FAST_MATH = YES;
				ONLY_ACTIVE_ARCH = YES;
				SDKROOT = iphoneos;
				SWIFT_ACTIVE_COMPILATION_CONDITIONS = DEBUG;
				SWIFT_OPTIMIZATION_LEVEL = "-Onone";
			};
			name = Debug;
		};
		FAC375E72883889000AD3647 /* Release */ = {
			isa = XCBuildConfiguration;
			buildSettings = {
				ALWAYS_SEARCH_USER_PATHS = NO;
				CLANG_ANALYZER_NONNULL = YES;
				CLANG_ANALYZER_NUMBER_OBJECT_CONVERSION = YES_AGGRESSIVE;
				CLANG_CXX_LANGUAGE_STANDARD = "gnu++17";
				CLANG_ENABLE_MODULES = YES;
				CLANG_ENABLE_OBJC_ARC = YES;
				CLANG_ENABLE_OBJC_WEAK = YES;
				CLANG_WARN_BLOCK_CAPTURE_AUTORELEASING = YES;
				CLANG_WARN_BOOL_CONVERSION = YES;
				CLANG_WARN_COMMA = YES;
				CLANG_WARN_CONSTANT_CONVERSION = YES;
				CLANG_WARN_DEPRECATED_OBJC_IMPLEMENTATIONS = YES;
				CLANG_WARN_DIRECT_OBJC_ISA_USAGE = YES_ERROR;
				CLANG_WARN_DOCUMENTATION_COMMENTS = YES;
				CLANG_WARN_EMPTY_BODY = YES;
				CLANG_WARN_ENUM_CONVERSION = YES;
				CLANG_WARN_INFINITE_RECURSION = YES;
				CLANG_WARN_INT_CONVERSION = YES;
				CLANG_WARN_NON_LITERAL_NULL_CONVERSION = YES;
				CLANG_WARN_OBJC_IMPLICIT_RETAIN_SELF = YES;
				CLANG_WARN_OBJC_LITERAL_CONVERSION = YES;
				CLANG_WARN_OBJC_ROOT_CLASS = YES_ERROR;
				CLANG_WARN_QUOTED_INCLUDE_IN_FRAMEWORK_HEADER = YES;
				CLANG_WARN_RANGE_LOOP_ANALYSIS = YES;
				CLANG_WARN_STRICT_PROTOTYPES = YES;
				CLANG_WARN_SUSPICIOUS_MOVE = YES;
				CLANG_WARN_UNGUARDED_AVAILABILITY = YES_AGGRESSIVE;
				CLANG_WARN_UNREACHABLE_CODE = YES;
				CLANG_WARN__DUPLICATE_METHOD_MATCH = YES;
				COPY_PHASE_STRIP = NO;
				DEBUG_INFORMATION_FORMAT = "dwarf-with-dsym";
				ENABLE_NS_ASSERTIONS = NO;
				ENABLE_STRICT_OBJC_MSGSEND = YES;
				GCC_C_LANGUAGE_STANDARD = gnu11;
				GCC_NO_COMMON_BLOCKS = YES;
				GCC_WARN_64_TO_32_BIT_CONVERSION = YES;
				GCC_WARN_ABOUT_RETURN_TYPE = YES_ERROR;
				GCC_WARN_UNDECLARED_SELECTOR = YES;
				GCC_WARN_UNINITIALIZED_AUTOS = YES_AGGRESSIVE;
				GCC_WARN_UNUSED_FUNCTION = YES;
				GCC_WARN_UNUSED_VARIABLE = YES;
				IPHONEOS_DEPLOYMENT_TARGET = 15.5;
				MTL_ENABLE_DEBUG_INFO = NO;
				MTL_FAST_MATH = YES;
				SDKROOT = iphoneos;
				SWIFT_COMPILATION_MODE = wholemodule;
				SWIFT_OPTIMIZATION_LEVEL = "-O";
				VALIDATE_PRODUCT = YES;
			};
			name = Release;
		};
		FAC375E92883889000AD3647 /* Debug */ = {
			isa = XCBuildConfiguration;
			buildSettings = {
				ASSETCATALOG_COMPILER_APPICON_NAME = AppIcon;
				ASSETCATALOG_COMPILER_GLOBAL_ACCENT_COLOR_NAME = AccentColor;
				CODE_SIGN_STYLE = Automatic;
				CURRENT_PROJECT_VERSION = 1;
				DEVELOPMENT_ASSET_PATHS = "\"Companies/Resource/Preview Content\"";
				DEVELOPMENT_TEAM = X4S6MUZL2D;
				ENABLE_PREVIEWS = YES;
				GENERATE_INFOPLIST_FILE = YES;
				INFOPLIST_KEY_UIApplicationSceneManifest_Generation = YES;
				INFOPLIST_KEY_UIApplicationSupportsIndirectInputEvents = YES;
				INFOPLIST_KEY_UILaunchScreen_Generation = YES;
				INFOPLIST_KEY_UISupportedInterfaceOrientations_iPad = "UIInterfaceOrientationPortrait UIInterfaceOrientationPortraitUpsideDown UIInterfaceOrientationLandscapeLeft UIInterfaceOrientationLandscapeRight";
				INFOPLIST_KEY_UISupportedInterfaceOrientations_iPhone = "UIInterfaceOrientationPortrait UIInterfaceOrientationLandscapeLeft UIInterfaceOrientationLandscapeRight";
				LD_RUNPATH_SEARCH_PATHS = (
					"$(inherited)",
					"@executable_path/Frameworks",
				);
				MARKETING_VERSION = 1.0;
				PRODUCT_BUNDLE_IDENTIFIER = com.skorulis.Companies;
				PRODUCT_NAME = "$(TARGET_NAME)";
				SWIFT_EMIT_LOC_STRINGS = YES;
				SWIFT_VERSION = 5.0;
				TARGETED_DEVICE_FAMILY = "1,2";
			};
			name = Debug;
		};
		FAC375EA2883889000AD3647 /* Release */ = {
			isa = XCBuildConfiguration;
			buildSettings = {
				ASSETCATALOG_COMPILER_APPICON_NAME = AppIcon;
				ASSETCATALOG_COMPILER_GLOBAL_ACCENT_COLOR_NAME = AccentColor;
				CODE_SIGN_STYLE = Automatic;
				CURRENT_PROJECT_VERSION = 1;
				DEVELOPMENT_ASSET_PATHS = "\"Companies/Resource/Preview Content\"";
				DEVELOPMENT_TEAM = X4S6MUZL2D;
				ENABLE_PREVIEWS = YES;
				GENERATE_INFOPLIST_FILE = YES;
				INFOPLIST_KEY_UIApplicationSceneManifest_Generation = YES;
				INFOPLIST_KEY_UIApplicationSupportsIndirectInputEvents = YES;
				INFOPLIST_KEY_UILaunchScreen_Generation = YES;
				INFOPLIST_KEY_UISupportedInterfaceOrientations_iPad = "UIInterfaceOrientationPortrait UIInterfaceOrientationPortraitUpsideDown UIInterfaceOrientationLandscapeLeft UIInterfaceOrientationLandscapeRight";
				INFOPLIST_KEY_UISupportedInterfaceOrientations_iPhone = "UIInterfaceOrientationPortrait UIInterfaceOrientationLandscapeLeft UIInterfaceOrientationLandscapeRight";
				LD_RUNPATH_SEARCH_PATHS = (
					"$(inherited)",
					"@executable_path/Frameworks",
				);
				MARKETING_VERSION = 1.0;
				PRODUCT_BUNDLE_IDENTIFIER = com.skorulis.Companies;
				PRODUCT_NAME = "$(TARGET_NAME)";
				SWIFT_EMIT_LOC_STRINGS = YES;
				SWIFT_VERSION = 5.0;
				TARGETED_DEVICE_FAMILY = "1,2";
			};
			name = Release;
		};
		FAC376652887F2F300AD3647 /* Debug */ = {
			isa = XCBuildConfiguration;
			buildSettings = {
				BUNDLE_LOADER = "$(TEST_HOST)";
				CODE_SIGN_STYLE = Automatic;
				CURRENT_PROJECT_VERSION = 1;
				DEVELOPMENT_TEAM = X4S6MUZL2D;
				GENERATE_INFOPLIST_FILE = YES;
				MARKETING_VERSION = 1.0;
				PRODUCT_BUNDLE_IDENTIFIER = com.skorulis.CompaniesTests;
				PRODUCT_NAME = "$(TARGET_NAME)";
				SWIFT_EMIT_LOC_STRINGS = NO;
				SWIFT_VERSION = 5.0;
				TARGETED_DEVICE_FAMILY = "1,2";
				TEST_HOST = "$(BUILT_PRODUCTS_DIR)/Companies.app/Companies";
			};
			name = Debug;
		};
		FAC376662887F2F300AD3647 /* Release */ = {
			isa = XCBuildConfiguration;
			buildSettings = {
				BUNDLE_LOADER = "$(TEST_HOST)";
				CODE_SIGN_STYLE = Automatic;
				CURRENT_PROJECT_VERSION = 1;
				DEVELOPMENT_TEAM = X4S6MUZL2D;
				GENERATE_INFOPLIST_FILE = YES;
				MARKETING_VERSION = 1.0;
				PRODUCT_BUNDLE_IDENTIFIER = com.skorulis.CompaniesTests;
				PRODUCT_NAME = "$(TARGET_NAME)";
				SWIFT_EMIT_LOC_STRINGS = NO;
				SWIFT_VERSION = 5.0;
				TARGETED_DEVICE_FAMILY = "1,2";
				TEST_HOST = "$(BUILT_PRODUCTS_DIR)/Companies.app/Companies";
			};
			name = Release;
		};
/* End XCBuildConfiguration section */

/* Begin XCConfigurationList section */
		FAC375D52883888F00AD3647 /* Build configuration list for PBXProject "Companies" */ = {
			isa = XCConfigurationList;
			buildConfigurations = (
				FAC375E62883889000AD3647 /* Debug */,
				FAC375E72883889000AD3647 /* Release */,
			);
			defaultConfigurationIsVisible = 0;
			defaultConfigurationName = Release;
		};
		FAC375E82883889000AD3647 /* Build configuration list for PBXNativeTarget "Companies" */ = {
			isa = XCConfigurationList;
			buildConfigurations = (
				FAC375E92883889000AD3647 /* Debug */,
				FAC375EA2883889000AD3647 /* Release */,
			);
			defaultConfigurationIsVisible = 0;
			defaultConfigurationName = Release;
		};
		FAC376642887F2F300AD3647 /* Build configuration list for PBXNativeTarget "CompaniesTests" */ = {
			isa = XCConfigurationList;
			buildConfigurations = (
				FAC376652887F2F300AD3647 /* Debug */,
				FAC376662887F2F300AD3647 /* Release */,
			);
			defaultConfigurationIsVisible = 0;
			defaultConfigurationName = Release;
		};
/* End XCConfigurationList section */

/* Begin XCSwiftPackageProductDependency section */
		FAC37601288394A600AD3647 /* ASKCore */ = {
			isa = XCSwiftPackageProductDependency;
			productName = ASKCore;
		};
		FAC37603288394A600AD3647 /* ASSwiftUI */ = {
			isa = XCSwiftPackageProductDependency;
			productName = ASSwiftUI;
		};
/* End XCSwiftPackageProductDependency section */
	};
	rootObject = FAC375D22883888F00AD3647 /* Project object */;
}
